
Microsoft Visual Studio Solution File, Format Version 12.00
# Visual Studio Version 18
VisualStudioVersion = 18.0.11205.157
MinimumVisualStudioVersion = 10.0.40219.1
Project("{9A19103F-16F7-4668-BE54-9A1E7A4F7556}") = "ChurchReport", "ChurchReport\ChurchReport.csproj", "{DF317563-C44C-4E69-BA7A-AEF73B49BB73}"
EndProject
Project("{FAE04EC0-301F-11D3-BF4B-00C04F79EFBC}") = "LineMessagingProcessor", "LineMessagingProcessor\LineMessagingProcessor.csproj", "{49A3E352-8564-4A14-9814-B655B2A6B202}"
EndProject
Project("{9A19103F-16F7-4668-BE54-9A1E7A4F7556}") = "Line.Messaging", "Line.Messaging\Line.Messaging.csproj", "{A6A57804-C01F-42BC-94BA-91636AF260E7}"
EndProject
Project("{FAE04EC0-301F-11D3-BF4B-00C04F79EFBC}") = "PowerPlatform.Dataverse.Client", "PowerPlatform.Dataverse.Client\PowerPlatform.Dataverse.Client.csproj", "{F7624121-F809-99FA-8591-0F431EB65992}"
EndProject
Project("{FAE04EC0-301F-11D3-BF4B-00C04F79EFBC}") = "ToolUtility", "ToolUtility\ToolUtility.csproj", "{A79B2089-1A52-ECA4-4F7A-F366689807C5}"
EndProject
Global
	GlobalSection(SolutionConfigurationPlatforms) = preSolution
		Debug_LearnCrm|Any CPU = Debug_LearnCrm|Any CPU
		Debug|Any CPU = Debug|Any CPU
		DebugOracleConnector|Any CPU = DebugOracleConnector|Any CPU
		Release|Any CPU = Release|Any CPU
		Test_Exchange_Service|Any CPU = Test_Exchange_Service|Any CPU
	EndGlobalSection
	GlobalSection(ProjectConfigurationPlatforms) = postSolution
		{DF317563-C44C-4E69-BA7A-AEF73B49BB73}.Debug_LearnCrm|Any CPU.ActiveCfg = Debug|Any CPU
		{DF317563-C44C-4E69-BA7A-AEF73B49BB73}.Debug_LearnCrm|Any CPU.Build.0 = Debug|Any CPU
		{DF317563-C44C-4E69-BA7A-AEF73B49BB73}.Debug|Any CPU.ActiveCfg = Debug|Any CPU
		{DF317563-C44C-4E69-BA7A-AEF73B49BB73}.Debug|Any CPU.Build.0 = Debug|Any CPU
		{DF317563-C44C-4E69-BA7A-AEF73B49BB73}.DebugOracleConnector|Any CPU.ActiveCfg = Debug|Any CPU
		{DF317563-C44C-4E69-BA7A-AEF73B49BB73}.DebugOracleConnector|Any CPU.Build.0 = Debug|Any CPU
		{DF317563-C44C-4E69-BA7A-AEF73B49BB73}.Release|Any CPU.ActiveCfg = Release|Any CPU
		{DF317563-C44C-4E69-BA7A-AEF73B49BB73}.Release|Any CPU.Build.0 = Release|Any CPU
		{DF317563-C44C-4E69-BA7A-AEF73B49BB73}.Test_Exchange_Service|Any CPU.ActiveCfg = Release|Any CPU
		{DF317563-C44C-4E69-BA7A-AEF73B49BB73}.Test_Exchange_Service|Any CPU.Build.0 = Release|Any CPU
		{49A3E352-8564-4A14-9814-B655B2A6B202}.Debug_LearnCrm|Any CPU.ActiveCfg = Debug|Any CPU
		{49A3E352-8564-4A14-9814-B655B2A6B202}.Debug_LearnCrm|Any CPU.Build.0 = Debug|Any CPU
		{49A3E352-8564-4A14-9814-B655B2A6B202}.Debug|Any CPU.ActiveCfg = Debug|Any CPU
		{49A3E352-8564-4A14-9814-B655B2A6B202}.Debug|Any CPU.Build.0 = Debug|Any CPU
		{49A3E352-8564-4A14-9814-B655B2A6B202}.DebugOracleConnector|Any CPU.ActiveCfg = Debug|Any CPU
		{49A3E352-8564-4A14-9814-B655B2A6B202}.DebugOracleConnector|Any CPU.Build.0 = Debug|Any CPU
		{49A3E352-8564-4A14-9814-B655B2A6B202}.Release|Any CPU.ActiveCfg = Release|Any CPU
		{49A3E352-8564-4A14-9814-B655B2A6B202}.Release|Any CPU.Build.0 = Release|Any CPU
		{49A3E352-8564-4A14-9814-B655B2A6B202}.Test_Exchange_Service|Any CPU.ActiveCfg = Release|Any CPU
		{49A3E352-8564-4A14-9814-B655B2A6B202}.Test_Exchange_Service|Any CPU.Build.0 = Release|Any CPU
		{A6A57804-C01F-42BC-94BA-91636AF260E7}.Debug_LearnCrm|Any CPU.ActiveCfg = Debug|Any CPU
		{A6A57804-C01F-42BC-94BA-91636AF260E7}.Debug_LearnCrm|Any CPU.Build.0 = Debug|Any CPU
		{A6A57804-C01F-42BC-94BA-91636AF260E7}.Debug|Any CPU.ActiveCfg = Debug|Any CPU
		{A6A57804-C01F-42BC-94BA-91636AF260E7}.Debug|Any CPU.Build.0 = Debug|Any CPU
		{A6A57804-C01F-42BC-94BA-91636AF260E7}.DebugOracleConnector|Any CPU.ActiveCfg = Debug|Any CPU
		{A6A57804-C01F-42BC-94BA-91636AF260E7}.DebugOracleConnector|Any CPU.Build.0 = Debug|Any CPU
		{A6A57804-C01F-42BC-94BA-91636AF260E7}.Release|Any CPU.ActiveCfg = Release|Any CPU
		{A6A57804-C01F-42BC-94BA-91636AF260E7}.Release|Any CPU.Build.0 = Release|Any CPU
		{A6A57804-C01F-42BC-94BA-91636AF260E7}.Test_Exchange_Service|Any CPU.ActiveCfg = Debug|Any CPU
		{A6A57804-C01F-42BC-94BA-91636AF260E7}.Test_Exchange_Service|Any CPU.Build.0 = Debug|Any CPU
		{F7624121-F809-99FA-8591-0F431EB65992}.Debug_LearnCrm|Any CPU.ActiveCfg = Debug|Any CPU
		{F7624121-F809-99FA-8591-0F431EB65992}.Debug_LearnCrm|Any CPU.Build.0 = Debug|Any CPU
		{F7624121-F809-99FA-8591-0F431EB65992}.Debug|Any CPU.ActiveCfg = Debug|Any CPU
		{F7624121-F809-99FA-8591-0F431EB65992}.Debug|Any CPU.Build.0 = Debug|Any CPU
		{F7624121-F809-99FA-8591-0F431EB65992}.DebugOracleConnector|Any CPU.ActiveCfg = Debug|Any CPU
		{F7624121-F809-99FA-8591-0F431EB65992}.DebugOracleConnector|Any CPU.Build.0 = Debug|Any CPU
		{F7624121-F809-99FA-8591-0F431EB65992}.Release|Any CPU.ActiveCfg = Release|Any CPU
		{F7624121-F809-99FA-8591-0F431EB65992}.Release|Any CPU.Build.0 = Release|Any CPU
		{F7624121-F809-99FA-8591-0F431EB65992}.Test_Exchange_Service|Any CPU.ActiveCfg = Debug|Any CPU
		{F7624121-F809-99FA-8591-0F431EB65992}.Test_Exchange_Service|Any CPU.Build.0 = Debug|Any CPU
		{A79B2089-1A52-ECA4-4F7A-F366689807C5}.Debug_LearnCrm|Any CPU.ActiveCfg = Debug|Any CPU
		{A79B2089-1A52-ECA4-4F7A-F366689807C5}.Debug_LearnCrm|Any CPU.Build.0 = Debug|Any CPU
		{A79B2089-1A52-ECA4-4F7A-F366689807C5}.Debug|Any CPU.ActiveCfg = Debug|Any CPU
		{A79B2089-1A52-ECA4-4F7A-F366689807C5}.Debug|Any CPU.Build.0 = Debug|Any CPU
		{A79B2089-1A52-ECA4-4F7A-F366689807C5}.DebugOracleConnector|Any CPU.ActiveCfg = Debug|Any CPU
		{A79B2089-1A52-ECA4-4F7A-F366689807C5}.DebugOracleConnector|Any CPU.Build.0 = Debug|Any CPU
		{A79B2089-1A52-ECA4-4F7A-F366689807C5}.Release|Any CPU.ActiveCfg = Release|Any CPU
		{A79B2089-1A52-ECA4-4F7A-F366689807C5}.Release|Any CPU.Build.0 = Release|Any CPU
		{A79B2089-1A52-ECA4-4F7A-F366689807C5}.Test_Exchange_Service|Any CPU.ActiveCfg = Debug|Any CPU
		{A79B2089-1A52-ECA4-4F7A-F366689807C5}.Test_Exchange_Service|Any CPU.Build.0 = Debug|Any CPU
	EndGlobalSection
	GlobalSection(SolutionProperties) = preSolution
		HideSolutionNode = FALSE
	EndGlobalSection
	GlobalSection(ExtensibilityGlobals) = postSolution
		SolutionGuid = {63751831-F5C0-4A65-93CB-5592C35D1EC8}
	EndGlobalSection
EndGlobal
