
Microsoft Visual Studio Solution File, Format Version 12.00
# Visual Studio 15
VisualStudioVersion = 15.0.26430.15
MinimumVisualStudioVersion = 10.0.40219.1
Project("{9A19103F-16F7-4668-BE54-9A1E7A4F7556}") = "ChurchReport", "ChurchReport\ChurchReport.csproj", "{DF317563-C44C-4E69-BA7A-AEF73B49BB73}"
EndProject
Project("{FAE04EC0-301F-11D3-BF4B-00C04F79EFBC}") = "ToolUtility", "ToolUtility\ToolUtility.csproj", "{377E7CC4-320A-48ED-ACA9-E3BC718F150F}"
EndProject
Project("{FAE04EC0-301F-11D3-BF4B-00C04F79EFBC}") = "LineMessagingProcessor", "LineMessagingProcessor\LineMessagingProcessor.csproj", "{49A3E352-8564-4A14-9814-B655B2A6B202}"
EndProject
Global
	GlobalSection(SolutionConfigurationPlatforms) = preSolution
		Debug|Any CPU = Debug|Any CPU
		Release|Any CPU = Release|Any CPU
	EndGlobalSection
	GlobalSection(ProjectConfigurationPlatforms) = postSolution
		{DF317563-C44C-4E69-BA7A-AEF73B49BB73}.Debug|Any CPU.ActiveCfg = Debug|Any CPU
		{DF317563-C44C-4E69-BA7A-AEF73B49BB73}.Debug|Any CPU.Build.0 = Debug|Any CPU
		{DF317563-C44C-4E69-BA7A-AEF73B49BB73}.Release|Any CPU.ActiveCfg = Release|Any CPU
		{DF317563-C44C-4E69-BA7A-AEF73B49BB73}.Release|Any CPU.Build.0 = Release|Any CPU
		{377E7CC4-320A-48ED-ACA9-E3BC718F150F}.Debug|Any CPU.ActiveCfg = Debug|Any CPU
		{377E7CC4-320A-48ED-ACA9-E3BC718F150F}.Debug|Any CPU.Build.0 = Debug|Any CPU
		{377E7CC4-320A-48ED-ACA9-E3BC718F150F}.Release|Any CPU.ActiveCfg = Release|Any CPU
		{377E7CC4-320A-48ED-ACA9-E3BC718F150F}.Release|Any CPU.Build.0 = Release|Any CPU
		{49A3E352-8564-4A14-9814-B655B2A6B202}.Debug|Any CPU.ActiveCfg = Debug|Any CPU
		{49A3E352-8564-4A14-9814-B655B2A6B202}.Debug|Any CPU.Build.0 = Debug|Any CPU
		{49A3E352-8564-4A14-9814-B655B2A6B202}.Release|Any CPU.ActiveCfg = Release|Any CPU
		{49A3E352-8564-4A14-9814-B655B2A6B202}.Release|Any CPU.Build.0 = Release|Any CPU
	EndGlobalSection
	GlobalSection(SolutionProperties) = preSolution
		HideSolutionNode = FALSE
	EndGlobalSection
EndGlobal
