
Microsoft Visual Studio Solution File, Format Version 12.00
# Visual Studio Version 18
VisualStudioVersion = 18.0.11205.157
MinimumVisualStudioVersion = 10.0.40219.1
Project("{9A19103F-16F7-4668-BE54-9A1E7A4F7556}") = "SpeechMessageProducts.ChurchReport", "SpeechMessageProducts.ChurchReport\SpeechMessageProducts.ChurchReport.csproj", "{DF317563-C44C-4E69-BA7A-AEF73B49BB73}"
EndProject
Project("{FAE04EC0-301F-11D3-BF4B-00C04F79EFBC}") = "LineMessagingProcessor", "LineMessagingProcessor\LineMessagingProcessor.csproj", "{49A3E352-8564-4A14-9814-B655B2A6B202}"
EndProject
Project("{9A19103F-16F7-4668-BE54-9A1E7A4F7556}") = "Line.Messaging", "Line.Messaging\Line.Messaging.csproj", "{A6A57804-C01F-42BC-94BA-91636AF260E7}"
EndProject
Project("{FAE04EC0-301F-11D3-BF4B-00C04F79EFBC}") = "PowerPlatform.Dataverse.Client", "PowerPlatform.Dataverse.Client\PowerPlatform.Dataverse.Client.csproj", "{F7624121-F809-99FA-8591-0F431EB65992}"
EndProject
Project("{FAE04EC0-301F-11D3-BF4B-00C04F79EFBC}") = "ToolUtility", "ToolUtility\ToolUtility.csproj", "{A79B2089-1A52-ECA4-4F7A-F366689807C5}"
EndProject
Project("{FAE04EC0-301F-11D3-BF4B-00C04F79EFBC}") = "ChurchReport.MemberInfo.Tests", "ChurchReport.MemberInfo.Tests\ChurchReport.MemberInfo.Tests.csproj", "{1435DF7C-6F69-4D18-A1D3-C2C9CC19507B}"
EndProject
Project("{FAE04EC0-301F-11D3-BF4B-00C04F79EFBC}") = "SpeechMessage.Payments", "SpeechMessage.Payments\SpeechMessage.Payments.csproj", "{25D296BC-EC66-4E52-BFBF-8116D4C5C942}"
EndProject
Project("{FAE04EC0-301F-11D3-BF4B-00C04F79EFBC}") = "SpeechMessage.Payments.Tests", "SpeechMessage.Payments.Tests\SpeechMessage.Payments.Tests.csproj", "{79364318-6DCB-4444-90B9-FEE0A92323EE}"
EndProject
Project("{FAE04EC0-301F-11D3-BF4B-00C04F79EFBC}") = "SpeechMessage.Payments.AspNetCore", "SpeechMessage.Payments.AspNetCore\SpeechMessage.Payments.AspNetCore.csproj", "{76606214-DEDE-4FE0-816F-A2F4517D438D}"
EndProject
Project("{FAE04EC0-301F-11D3-BF4B-00C04F79EFBC}") = "SpeechMessage.Payments.Workflows", "SpeechMessage.Payments.Workflows\SpeechMessage.Payments.Workflows.csproj", "{844B2CBC-8F9C-4F35-8252-83365850E6E0}"
EndProject
Project("{FAE04EC0-301F-11D3-BF4B-00C04F79EFBC}") = "Line.Messaging.Tests", "Line.Messaging.Tests\Line.Messaging.Tests.csproj", "{CD1597A6-FE5E-4183-9CFD-F2ED83D42F99}"
EndProject
Project("{FAE04EC0-301F-11D3-BF4B-00C04F79EFBC}") = "LineMessagingProcessor.Tests", "LineMessagingProcessor.Tests\LineMessagingProcessor.Tests.csproj", "{A3885A18-2DFD-4D22-AC3E-CE9F84C18866}"
EndProject
Project("{FAE04EC0-301F-11D3-BF4B-00C04F79EFBC}") = "LineMessagingProcessor.Workflows", "LineMessagingProcessor.Workflows\LineMessagingProcessor.Workflows.csproj", "{35932231-EE88-4EB4-B0E0-E0ABE51EE07E}"
EndProject
Project("{FAE04EC0-301F-11D3-BF4B-00C04F79EFBC}") = "LineMessagingProcessor.Workflows.Tests", "LineMessagingProcessor.Workflows.Tests\LineMessagingProcessor.Workflows.Tests.csproj", "{EEC803D2-10E7-417A-A270-938DDDE1B7C1}"
EndProject
Project("{FAE04EC0-301F-11D3-BF4B-00C04F79EFBC}") = "LineMessagingProcessor.AspNetCore", "LineMessagingProcessor.AspNetCore\LineMessagingProcessor.AspNetCore.csproj", "{94BABF1B-2E52-4014-A3EA-EC123E04348E}"
EndProject
Project("{FAE04EC0-301F-11D3-BF4B-00C04F79EFBC}") = "LineMessagingProcessor.AspNetCore.Tests", "LineMessagingProcessor.AspNetCore.Tests\LineMessagingProcessor.AspNetCore.Tests.csproj", "{2E0507A6-A062-447C-9841-7A79CAC2BCBA}"
EndProject
Project("{FAE04EC0-301F-11D3-BF4B-00C04F79EFBC}") = "LineMessagingProcessor.RichMenus", "LineMessagingProcessor.RichMenus\LineMessagingProcessor.RichMenus.csproj", "{0E63738E-14C2-4511-AE10-D1B114A3C9B6}"
EndProject
Project("{FAE04EC0-301F-11D3-BF4B-00C04F79EFBC}") = "LineMessagingProcessor.RichMenus.Tests", "LineMessagingProcessor.RichMenus.Tests\LineMessagingProcessor.RichMenus.Tests.csproj", "{17E471A6-6B5A-4543-9CEF-746A63A9D0BA}"
EndProject
Project("{FAE04EC0-301F-11D3-BF4B-00C04F79EFBC}") = "ToolUtility.Dataverse.Tests", "ToolUtility.Dataverse.Tests\ToolUtility.Dataverse.Tests.csproj", "{2F17EA82-5E48-44B8-ADDB-75520E43DE70}"
EndProject
Global
	GlobalSection(SolutionConfigurationPlatforms) = preSolution
		Debug_LearnCrm|Any CPU = Debug_LearnCrm|Any CPU
		Debug_LearnCrm|x64 = Debug_LearnCrm|x64
		Debug_LearnCrm|x86 = Debug_LearnCrm|x86
		Debug|Any CPU = Debug|Any CPU
		Debug|x64 = Debug|x64
		Debug|x86 = Debug|x86
		DebugOracleConnector|Any CPU = DebugOracleConnector|Any CPU
		DebugOracleConnector|x64 = DebugOracleConnector|x64
		DebugOracleConnector|x86 = DebugOracleConnector|x86
		Release|Any CPU = Release|Any CPU
		Release|x64 = Release|x64
		Release|x86 = Release|x86
		Test_Exchange_Service|Any CPU = Test_Exchange_Service|Any CPU
		Test_Exchange_Service|x64 = Test_Exchange_Service|x64
		Test_Exchange_Service|x86 = Test_Exchange_Service|x86
	EndGlobalSection
	GlobalSection(ProjectConfigurationPlatforms) = postSolution
		{DF317563-C44C-4E69-BA7A-AEF73B49BB73}.Debug_LearnCrm|Any CPU.ActiveCfg = Debug|Any CPU
		{DF317563-C44C-4E69-BA7A-AEF73B49BB73}.Debug_LearnCrm|Any CPU.Build.0 = Debug|Any CPU
		{DF317563-C44C-4E69-BA7A-AEF73B49BB73}.Debug_LearnCrm|x64.ActiveCfg = Debug_LearnCrm|Any CPU
		{DF317563-C44C-4E69-BA7A-AEF73B49BB73}.Debug_LearnCrm|x64.Build.0 = Debug_LearnCrm|Any CPU
		{DF317563-C44C-4E69-BA7A-AEF73B49BB73}.Debug_LearnCrm|x86.ActiveCfg = Debug_LearnCrm|Any CPU
		{DF317563-C44C-4E69-BA7A-AEF73B49BB73}.Debug_LearnCrm|x86.Build.0 = Debug_LearnCrm|Any CPU
		{DF317563-C44C-4E69-BA7A-AEF73B49BB73}.Debug|Any CPU.ActiveCfg = Debug|Any CPU
		{DF317563-C44C-4E69-BA7A-AEF73B49BB73}.Debug|Any CPU.Build.0 = Debug|Any CPU
		{DF317563-C44C-4E69-BA7A-AEF73B49BB73}.Debug|x64.ActiveCfg = Debug|Any CPU
		{DF317563-C44C-4E69-BA7A-AEF73B49BB73}.Debug|x64.Build.0 = Debug|Any CPU
		{DF317563-C44C-4E69-BA7A-AEF73B49BB73}.Debug|x86.ActiveCfg = Debug|Any CPU
		{DF317563-C44C-4E69-BA7A-AEF73B49BB73}.Debug|x86.Build.0 = Debug|Any CPU
		{DF317563-C44C-4E69-BA7A-AEF73B49BB73}.DebugOracleConnector|Any CPU.ActiveCfg = Debug|Any CPU
		{DF317563-C44C-4E69-BA7A-AEF73B49BB73}.DebugOracleConnector|Any CPU.Build.0 = Debug|Any CPU
		{DF317563-C44C-4E69-BA7A-AEF73B49BB73}.DebugOracleConnector|x64.ActiveCfg = DebugOracleConnector|Any CPU
		{DF317563-C44C-4E69-BA7A-AEF73B49BB73}.DebugOracleConnector|x64.Build.0 = DebugOracleConnector|Any CPU
		{DF317563-C44C-4E69-BA7A-AEF73B49BB73}.DebugOracleConnector|x86.ActiveCfg = DebugOracleConnector|Any CPU
		{DF317563-C44C-4E69-BA7A-AEF73B49BB73}.DebugOracleConnector|x86.Build.0 = DebugOracleConnector|Any CPU
		{DF317563-C44C-4E69-BA7A-AEF73B49BB73}.Release|Any CPU.ActiveCfg = Release|Any CPU
		{DF317563-C44C-4E69-BA7A-AEF73B49BB73}.Release|Any CPU.Build.0 = Release|Any CPU
		{DF317563-C44C-4E69-BA7A-AEF73B49BB73}.Release|x64.ActiveCfg = Release|Any CPU
		{DF317563-C44C-4E69-BA7A-AEF73B49BB73}.Release|x64.Build.0 = Release|Any CPU
		{DF317563-C44C-4E69-BA7A-AEF73B49BB73}.Release|x86.ActiveCfg = Release|Any CPU
		{DF317563-C44C-4E69-BA7A-AEF73B49BB73}.Release|x86.Build.0 = Release|Any CPU
		{DF317563-C44C-4E69-BA7A-AEF73B49BB73}.Test_Exchange_Service|Any CPU.ActiveCfg = Release|Any CPU
		{DF317563-C44C-4E69-BA7A-AEF73B49BB73}.Test_Exchange_Service|Any CPU.Build.0 = Release|Any CPU
		{DF317563-C44C-4E69-BA7A-AEF73B49BB73}.Test_Exchange_Service|x64.ActiveCfg = Test_Exchange_Service|Any CPU
		{DF317563-C44C-4E69-BA7A-AEF73B49BB73}.Test_Exchange_Service|x64.Build.0 = Test_Exchange_Service|Any CPU
		{DF317563-C44C-4E69-BA7A-AEF73B49BB73}.Test_Exchange_Service|x86.ActiveCfg = Test_Exchange_Service|Any CPU
		{DF317563-C44C-4E69-BA7A-AEF73B49BB73}.Test_Exchange_Service|x86.Build.0 = Test_Exchange_Service|Any CPU
		{49A3E352-8564-4A14-9814-B655B2A6B202}.Debug_LearnCrm|Any CPU.ActiveCfg = Debug|Any CPU
		{49A3E352-8564-4A14-9814-B655B2A6B202}.Debug_LearnCrm|Any CPU.Build.0 = Debug|Any CPU
		{49A3E352-8564-4A14-9814-B655B2A6B202}.Debug_LearnCrm|x64.ActiveCfg = Debug_LearnCrm|Any CPU
		{49A3E352-8564-4A14-9814-B655B2A6B202}.Debug_LearnCrm|x64.Build.0 = Debug_LearnCrm|Any CPU
		{49A3E352-8564-4A14-9814-B655B2A6B202}.Debug_LearnCrm|x86.ActiveCfg = Debug_LearnCrm|Any CPU
		{49A3E352-8564-4A14-9814-B655B2A6B202}.Debug_LearnCrm|x86.Build.0 = Debug_LearnCrm|Any CPU
		{49A3E352-8564-4A14-9814-B655B2A6B202}.Debug|Any CPU.ActiveCfg = Debug|Any CPU
		{49A3E352-8564-4A14-9814-B655B2A6B202}.Debug|Any CPU.Build.0 = Debug|Any CPU
		{49A3E352-8564-4A14-9814-B655B2A6B202}.Debug|x64.ActiveCfg = Debug|Any CPU
		{49A3E352-8564-4A14-9814-B655B2A6B202}.Debug|x64.Build.0 = Debug|Any CPU
		{49A3E352-8564-4A14-9814-B655B2A6B202}.Debug|x86.ActiveCfg = Debug|Any CPU
		{49A3E352-8564-4A14-9814-B655B2A6B202}.Debug|x86.Build.0 = Debug|Any CPU
		{49A3E352-8564-4A14-9814-B655B2A6B202}.DebugOracleConnector|Any CPU.ActiveCfg = Debug|Any CPU
		{49A3E352-8564-4A14-9814-B655B2A6B202}.DebugOracleConnector|Any CPU.Build.0 = Debug|Any CPU
		{49A3E352-8564-4A14-9814-B655B2A6B202}.DebugOracleConnector|x64.ActiveCfg = DebugOracleConnector|Any CPU
		{49A3E352-8564-4A14-9814-B655B2A6B202}.DebugOracleConnector|x64.Build.0 = DebugOracleConnector|Any CPU
		{49A3E352-8564-4A14-9814-B655B2A6B202}.DebugOracleConnector|x86.ActiveCfg = DebugOracleConnector|Any CPU
		{49A3E352-8564-4A14-9814-B655B2A6B202}.DebugOracleConnector|x86.Build.0 = DebugOracleConnector|Any CPU
		{49A3E352-8564-4A14-9814-B655B2A6B202}.Release|Any CPU.ActiveCfg = Release|Any CPU
		{49A3E352-8564-4A14-9814-B655B2A6B202}.Release|Any CPU.Build.0 = Release|Any CPU
		{49A3E352-8564-4A14-9814-B655B2A6B202}.Release|x64.ActiveCfg = Release|Any CPU
		{49A3E352-8564-4A14-9814-B655B2A6B202}.Release|x64.Build.0 = Release|Any CPU
		{49A3E352-8564-4A14-9814-B655B2A6B202}.Release|x86.ActiveCfg = Release|Any CPU
		{49A3E352-8564-4A14-9814-B655B2A6B202}.Release|x86.Build.0 = Release|Any CPU
		{49A3E352-8564-4A14-9814-B655B2A6B202}.Test_Exchange_Service|Any CPU.ActiveCfg = Release|Any CPU
		{49A3E352-8564-4A14-9814-B655B2A6B202}.Test_Exchange_Service|Any CPU.Build.0 = Release|Any CPU
		{49A3E352-8564-4A14-9814-B655B2A6B202}.Test_Exchange_Service|x64.ActiveCfg = Test_Exchange_Service|Any CPU
		{49A3E352-8564-4A14-9814-B655B2A6B202}.Test_Exchange_Service|x64.Build.0 = Test_Exchange_Service|Any CPU
		{49A3E352-8564-4A14-9814-B655B2A6B202}.Test_Exchange_Service|x86.ActiveCfg = Test_Exchange_Service|Any CPU
		{49A3E352-8564-4A14-9814-B655B2A6B202}.Test_Exchange_Service|x86.Build.0 = Test_Exchange_Service|Any CPU
		{A6A57804-C01F-42BC-94BA-91636AF260E7}.Debug_LearnCrm|Any CPU.ActiveCfg = Debug|Any CPU
		{A6A57804-C01F-42BC-94BA-91636AF260E7}.Debug_LearnCrm|Any CPU.Build.0 = Debug|Any CPU
		{A6A57804-C01F-42BC-94BA-91636AF260E7}.Debug_LearnCrm|x64.ActiveCfg = Debug_LearnCrm|Any CPU
		{A6A57804-C01F-42BC-94BA-91636AF260E7}.Debug_LearnCrm|x64.Build.0 = Debug_LearnCrm|Any CPU
		{A6A57804-C01F-42BC-94BA-91636AF260E7}.Debug_LearnCrm|x86.ActiveCfg = Debug_LearnCrm|Any CPU
		{A6A57804-C01F-42BC-94BA-91636AF260E7}.Debug_LearnCrm|x86.Build.0 = Debug_LearnCrm|Any CPU
		{A6A57804-C01F-42BC-94BA-91636AF260E7}.Debug|Any CPU.ActiveCfg = Debug|Any CPU
		{A6A57804-C01F-42BC-94BA-91636AF260E7}.Debug|Any CPU.Build.0 = Debug|Any CPU
		{A6A57804-C01F-42BC-94BA-91636AF260E7}.Debug|x64.ActiveCfg = Debug|Any CPU
		{A6A57804-C01F-42BC-94BA-91636AF260E7}.Debug|x64.Build.0 = Debug|Any CPU
		{A6A57804-C01F-42BC-94BA-91636AF260E7}.Debug|x86.ActiveCfg = Debug|Any CPU
		{A6A57804-C01F-42BC-94BA-91636AF260E7}.Debug|x86.Build.0 = Debug|Any CPU
		{A6A57804-C01F-42BC-94BA-91636AF260E7}.DebugOracleConnector|Any CPU.ActiveCfg = Debug|Any CPU
		{A6A57804-C01F-42BC-94BA-91636AF260E7}.DebugOracleConnector|Any CPU.Build.0 = Debug|Any CPU
		{A6A57804-C01F-42BC-94BA-91636AF260E7}.DebugOracleConnector|x64.ActiveCfg = DebugOracleConnector|Any CPU
		{A6A57804-C01F-42BC-94BA-91636AF260E7}.DebugOracleConnector|x64.Build.0 = DebugOracleConnector|Any CPU
		{A6A57804-C01F-42BC-94BA-91636AF260E7}.DebugOracleConnector|x86.ActiveCfg = DebugOracleConnector|Any CPU
		{A6A57804-C01F-42BC-94BA-91636AF260E7}.DebugOracleConnector|x86.Build.0 = DebugOracleConnector|Any CPU
		{A6A57804-C01F-42BC-94BA-91636AF260E7}.Release|Any CPU.ActiveCfg = Release|Any CPU
		{A6A57804-C01F-42BC-94BA-91636AF260E7}.Release|Any CPU.Build.0 = Release|Any CPU
		{A6A57804-C01F-42BC-94BA-91636AF260E7}.Release|x64.ActiveCfg = Release|Any CPU
		{A6A57804-C01F-42BC-94BA-91636AF260E7}.Release|x64.Build.0 = Release|Any CPU
		{A6A57804-C01F-42BC-94BA-91636AF260E7}.Release|x86.ActiveCfg = Release|Any CPU
		{A6A57804-C01F-42BC-94BA-91636AF260E7}.Release|x86.Build.0 = Release|Any CPU
		{A6A57804-C01F-42BC-94BA-91636AF260E7}.Test_Exchange_Service|Any CPU.ActiveCfg = Debug|Any CPU
		{A6A57804-C01F-42BC-94BA-91636AF260E7}.Test_Exchange_Service|Any CPU.Build.0 = Debug|Any CPU
		{A6A57804-C01F-42BC-94BA-91636AF260E7}.Test_Exchange_Service|x64.ActiveCfg = Test_Exchange_Service|Any CPU
		{A6A57804-C01F-42BC-94BA-91636AF260E7}.Test_Exchange_Service|x64.Build.0 = Test_Exchange_Service|Any CPU
		{A6A57804-C01F-42BC-94BA-91636AF260E7}.Test_Exchange_Service|x86.ActiveCfg = Test_Exchange_Service|Any CPU
		{A6A57804-C01F-42BC-94BA-91636AF260E7}.Test_Exchange_Service|x86.Build.0 = Test_Exchange_Service|Any CPU
		{F7624121-F809-99FA-8591-0F431EB65992}.Debug_LearnCrm|Any CPU.ActiveCfg = Debug|Any CPU
		{F7624121-F809-99FA-8591-0F431EB65992}.Debug_LearnCrm|Any CPU.Build.0 = Debug|Any CPU
		{F7624121-F809-99FA-8591-0F431EB65992}.Debug_LearnCrm|x64.ActiveCfg = Debug_LearnCrm|Any CPU
		{F7624121-F809-99FA-8591-0F431EB65992}.Debug_LearnCrm|x64.Build.0 = Debug_LearnCrm|Any CPU
		{F7624121-F809-99FA-8591-0F431EB65992}.Debug_LearnCrm|x86.ActiveCfg = Debug_LearnCrm|Any CPU
		{F7624121-F809-99FA-8591-0F431EB65992}.Debug_LearnCrm|x86.Build.0 = Debug_LearnCrm|Any CPU
		{F7624121-F809-99FA-8591-0F431EB65992}.Debug|Any CPU.ActiveCfg = Debug|Any CPU
		{F7624121-F809-99FA-8591-0F431EB65992}.Debug|Any CPU.Build.0 = Debug|Any CPU
		{F7624121-F809-99FA-8591-0F431EB65992}.Debug|x64.ActiveCfg = Debug|Any CPU
		{F7624121-F809-99FA-8591-0F431EB65992}.Debug|x64.Build.0 = Debug|Any CPU
		{F7624121-F809-99FA-8591-0F431EB65992}.Debug|x86.ActiveCfg = Debug|Any CPU
		{F7624121-F809-99FA-8591-0F431EB65992}.Debug|x86.Build.0 = Debug|Any CPU
		{F7624121-F809-99FA-8591-0F431EB65992}.DebugOracleConnector|Any CPU.ActiveCfg = Debug|Any CPU
		{F7624121-F809-99FA-8591-0F431EB65992}.DebugOracleConnector|Any CPU.Build.0 = Debug|Any CPU
		{F7624121-F809-99FA-8591-0F431EB65992}.DebugOracleConnector|x64.ActiveCfg = DebugOracleConnector|Any CPU
		{F7624121-F809-99FA-8591-0F431EB65992}.DebugOracleConnector|x64.Build.0 = DebugOracleConnector|Any CPU
		{F7624121-F809-99FA-8591-0F431EB65992}.DebugOracleConnector|x86.ActiveCfg = DebugOracleConnector|Any CPU
		{F7624121-F809-99FA-8591-0F431EB65992}.DebugOracleConnector|x86.Build.0 = DebugOracleConnector|Any CPU
		{F7624121-F809-99FA-8591-0F431EB65992}.Release|Any CPU.ActiveCfg = Release|Any CPU
		{F7624121-F809-99FA-8591-0F431EB65992}.Release|Any CPU.Build.0 = Release|Any CPU
		{F7624121-F809-99FA-8591-0F431EB65992}.Release|x64.ActiveCfg = Release|Any CPU
		{F7624121-F809-99FA-8591-0F431EB65992}.Release|x64.Build.0 = Release|Any CPU
		{F7624121-F809-99FA-8591-0F431EB65992}.Release|x86.ActiveCfg = Release|Any CPU
		{F7624121-F809-99FA-8591-0F431EB65992}.Release|x86.Build.0 = Release|Any CPU
		{F7624121-F809-99FA-8591-0F431EB65992}.Test_Exchange_Service|Any CPU.ActiveCfg = Debug|Any CPU
		{F7624121-F809-99FA-8591-0F431EB65992}.Test_Exchange_Service|Any CPU.Build.0 = Debug|Any CPU
		{F7624121-F809-99FA-8591-0F431EB65992}.Test_Exchange_Service|x64.ActiveCfg = Test_Exchange_Service|Any CPU
		{F7624121-F809-99FA-8591-0F431EB65992}.Test_Exchange_Service|x64.Build.0 = Test_Exchange_Service|Any CPU
		{F7624121-F809-99FA-8591-0F431EB65992}.Test_Exchange_Service|x86.ActiveCfg = Test_Exchange_Service|Any CPU
		{F7624121-F809-99FA-8591-0F431EB65992}.Test_Exchange_Service|x86.Build.0 = Test_Exchange_Service|Any CPU
		{A79B2089-1A52-ECA4-4F7A-F366689807C5}.Debug_LearnCrm|Any CPU.ActiveCfg = Debug|Any CPU
		{A79B2089-1A52-ECA4-4F7A-F366689807C5}.Debug_LearnCrm|Any CPU.Build.0 = Debug|Any CPU
		{A79B2089-1A52-ECA4-4F7A-F366689807C5}.Debug_LearnCrm|x64.ActiveCfg = Debug_LearnCrm|Any CPU
		{A79B2089-1A52-ECA4-4F7A-F366689807C5}.Debug_LearnCrm|x64.Build.0 = Debug_LearnCrm|Any CPU
		{A79B2089-1A52-ECA4-4F7A-F366689807C5}.Debug_LearnCrm|x86.ActiveCfg = Debug_LearnCrm|Any CPU
		{A79B2089-1A52-ECA4-4F7A-F366689807C5}.Debug_LearnCrm|x86.Build.0 = Debug_LearnCrm|Any CPU
		{A79B2089-1A52-ECA4-4F7A-F366689807C5}.Debug|Any CPU.ActiveCfg = Debug|Any CPU
		{A79B2089-1A52-ECA4-4F7A-F366689807C5}.Debug|Any CPU.Build.0 = Debug|Any CPU
		{A79B2089-1A52-ECA4-4F7A-F366689807C5}.Debug|x64.ActiveCfg = Debug|Any CPU
		{A79B2089-1A52-ECA4-4F7A-F366689807C5}.Debug|x64.Build.0 = Debug|Any CPU
		{A79B2089-1A52-ECA4-4F7A-F366689807C5}.Debug|x86.ActiveCfg = Debug|Any CPU
		{A79B2089-1A52-ECA4-4F7A-F366689807C5}.Debug|x86.Build.0 = Debug|Any CPU
		{A79B2089-1A52-ECA4-4F7A-F366689807C5}.DebugOracleConnector|Any CPU.ActiveCfg = Debug|Any CPU
		{A79B2089-1A52-ECA4-4F7A-F366689807C5}.DebugOracleConnector|Any CPU.Build.0 = Debug|Any CPU
		{A79B2089-1A52-ECA4-4F7A-F366689807C5}.DebugOracleConnector|x64.ActiveCfg = DebugOracleConnector|Any CPU
		{A79B2089-1A52-ECA4-4F7A-F366689807C5}.DebugOracleConnector|x64.Build.0 = DebugOracleConnector|Any CPU
		{A79B2089-1A52-ECA4-4F7A-F366689807C5}.DebugOracleConnector|x86.ActiveCfg = DebugOracleConnector|Any CPU
		{A79B2089-1A52-ECA4-4F7A-F366689807C5}.DebugOracleConnector|x86.Build.0 = DebugOracleConnector|Any CPU
		{A79B2089-1A52-ECA4-4F7A-F366689807C5}.Release|Any CPU.ActiveCfg = Release|Any CPU
		{A79B2089-1A52-ECA4-4F7A-F366689807C5}.Release|Any CPU.Build.0 = Release|Any CPU
		{A79B2089-1A52-ECA4-4F7A-F366689807C5}.Release|x64.ActiveCfg = Release|Any CPU
		{A79B2089-1A52-ECA4-4F7A-F366689807C5}.Release|x64.Build.0 = Release|Any CPU
		{A79B2089-1A52-ECA4-4F7A-F366689807C5}.Release|x86.ActiveCfg = Release|Any CPU
		{A79B2089-1A52-ECA4-4F7A-F366689807C5}.Release|x86.Build.0 = Release|Any CPU
		{A79B2089-1A52-ECA4-4F7A-F366689807C5}.Test_Exchange_Service|Any CPU.ActiveCfg = Debug|Any CPU
		{A79B2089-1A52-ECA4-4F7A-F366689807C5}.Test_Exchange_Service|Any CPU.Build.0 = Debug|Any CPU
		{A79B2089-1A52-ECA4-4F7A-F366689807C5}.Test_Exchange_Service|x64.ActiveCfg = Test_Exchange_Service|Any CPU
		{A79B2089-1A52-ECA4-4F7A-F366689807C5}.Test_Exchange_Service|x64.Build.0 = Test_Exchange_Service|Any CPU
		{A79B2089-1A52-ECA4-4F7A-F366689807C5}.Test_Exchange_Service|x86.ActiveCfg = Test_Exchange_Service|Any CPU
		{A79B2089-1A52-ECA4-4F7A-F366689807C5}.Test_Exchange_Service|x86.Build.0 = Test_Exchange_Service|Any CPU
		{1435DF7C-6F69-4D18-A1D3-C2C9CC19507B}.Debug_LearnCrm|Any CPU.ActiveCfg = Debug|Any CPU
		{1435DF7C-6F69-4D18-A1D3-C2C9CC19507B}.Debug_LearnCrm|Any CPU.Build.0 = Debug|Any CPU
		{1435DF7C-6F69-4D18-A1D3-C2C9CC19507B}.Debug_LearnCrm|x64.ActiveCfg = Debug|Any CPU
		{1435DF7C-6F69-4D18-A1D3-C2C9CC19507B}.Debug_LearnCrm|x64.Build.0 = Debug|Any CPU
		{1435DF7C-6F69-4D18-A1D3-C2C9CC19507B}.Debug_LearnCrm|x86.ActiveCfg = Debug|Any CPU
		{1435DF7C-6F69-4D18-A1D3-C2C9CC19507B}.Debug_LearnCrm|x86.Build.0 = Debug|Any CPU
		{1435DF7C-6F69-4D18-A1D3-C2C9CC19507B}.Debug|Any CPU.ActiveCfg = Debug|Any CPU
		{1435DF7C-6F69-4D18-A1D3-C2C9CC19507B}.Debug|Any CPU.Build.0 = Debug|Any CPU
		{1435DF7C-6F69-4D18-A1D3-C2C9CC19507B}.Debug|x64.ActiveCfg = Debug|Any CPU
		{1435DF7C-6F69-4D18-A1D3-C2C9CC19507B}.Debug|x64.Build.0 = Debug|Any CPU
		{1435DF7C-6F69-4D18-A1D3-C2C9CC19507B}.Debug|x86.ActiveCfg = Debug|Any CPU
		{1435DF7C-6F69-4D18-A1D3-C2C9CC19507B}.Debug|x86.Build.0 = Debug|Any CPU
		{1435DF7C-6F69-4D18-A1D3-C2C9CC19507B}.DebugOracleConnector|Any CPU.ActiveCfg = Debug|Any CPU
		{1435DF7C-6F69-4D18-A1D3-C2C9CC19507B}.DebugOracleConnector|Any CPU.Build.0 = Debug|Any CPU
		{1435DF7C-6F69-4D18-A1D3-C2C9CC19507B}.DebugOracleConnector|x64.ActiveCfg = Debug|Any CPU
		{1435DF7C-6F69-4D18-A1D3-C2C9CC19507B}.DebugOracleConnector|x64.Build.0 = Debug|Any CPU
		{1435DF7C-6F69-4D18-A1D3-C2C9CC19507B}.DebugOracleConnector|x86.ActiveCfg = Debug|Any CPU
		{1435DF7C-6F69-4D18-A1D3-C2C9CC19507B}.DebugOracleConnector|x86.Build.0 = Debug|Any CPU
		{1435DF7C-6F69-4D18-A1D3-C2C9CC19507B}.Release|Any CPU.ActiveCfg = Release|Any CPU
		{1435DF7C-6F69-4D18-A1D3-C2C9CC19507B}.Release|Any CPU.Build.0 = Release|Any CPU
		{1435DF7C-6F69-4D18-A1D3-C2C9CC19507B}.Release|x64.ActiveCfg = Release|Any CPU
		{1435DF7C-6F69-4D18-A1D3-C2C9CC19507B}.Release|x64.Build.0 = Release|Any CPU
		{1435DF7C-6F69-4D18-A1D3-C2C9CC19507B}.Release|x86.ActiveCfg = Release|Any CPU
		{1435DF7C-6F69-4D18-A1D3-C2C9CC19507B}.Release|x86.Build.0 = Release|Any CPU
		{1435DF7C-6F69-4D18-A1D3-C2C9CC19507B}.Test_Exchange_Service|Any CPU.ActiveCfg = Debug|Any CPU
		{1435DF7C-6F69-4D18-A1D3-C2C9CC19507B}.Test_Exchange_Service|Any CPU.Build.0 = Debug|Any CPU
		{1435DF7C-6F69-4D18-A1D3-C2C9CC19507B}.Test_Exchange_Service|x64.ActiveCfg = Debug|Any CPU
		{1435DF7C-6F69-4D18-A1D3-C2C9CC19507B}.Test_Exchange_Service|x64.Build.0 = Debug|Any CPU
		{1435DF7C-6F69-4D18-A1D3-C2C9CC19507B}.Test_Exchange_Service|x86.ActiveCfg = Debug|Any CPU
		{1435DF7C-6F69-4D18-A1D3-C2C9CC19507B}.Test_Exchange_Service|x86.Build.0 = Debug|Any CPU
		{25D296BC-EC66-4E52-BFBF-8116D4C5C942}.Debug_LearnCrm|Any CPU.ActiveCfg = Debug|Any CPU
		{25D296BC-EC66-4E52-BFBF-8116D4C5C942}.Debug_LearnCrm|Any CPU.Build.0 = Debug|Any CPU
		{25D296BC-EC66-4E52-BFBF-8116D4C5C942}.Debug_LearnCrm|x64.ActiveCfg = Debug|Any CPU
		{25D296BC-EC66-4E52-BFBF-8116D4C5C942}.Debug_LearnCrm|x64.Build.0 = Debug|Any CPU
		{25D296BC-EC66-4E52-BFBF-8116D4C5C942}.Debug_LearnCrm|x86.ActiveCfg = Debug|Any CPU
		{25D296BC-EC66-4E52-BFBF-8116D4C5C942}.Debug_LearnCrm|x86.Build.0 = Debug|Any CPU
		{25D296BC-EC66-4E52-BFBF-8116D4C5C942}.Debug|Any CPU.ActiveCfg = Debug|Any CPU
		{25D296BC-EC66-4E52-BFBF-8116D4C5C942}.Debug|Any CPU.Build.0 = Debug|Any CPU
		{25D296BC-EC66-4E52-BFBF-8116D4C5C942}.Debug|x64.ActiveCfg = Debug|Any CPU
		{25D296BC-EC66-4E52-BFBF-8116D4C5C942}.Debug|x64.Build.0 = Debug|Any CPU
		{25D296BC-EC66-4E52-BFBF-8116D4C5C942}.Debug|x86.ActiveCfg = Debug|Any CPU
		{25D296BC-EC66-4E52-BFBF-8116D4C5C942}.Debug|x86.Build.0 = Debug|Any CPU
		{25D296BC-EC66-4E52-BFBF-8116D4C5C942}.DebugOracleConnector|Any CPU.ActiveCfg = Debug|Any CPU
		{25D296BC-EC66-4E52-BFBF-8116D4C5C942}.DebugOracleConnector|Any CPU.Build.0 = Debug|Any CPU
		{25D296BC-EC66-4E52-BFBF-8116D4C5C942}.DebugOracleConnector|x64.ActiveCfg = Debug|Any CPU
		{25D296BC-EC66-4E52-BFBF-8116D4C5C942}.DebugOracleConnector|x64.Build.0 = Debug|Any CPU
		{25D296BC-EC66-4E52-BFBF-8116D4C5C942}.DebugOracleConnector|x86.ActiveCfg = Debug|Any CPU
		{25D296BC-EC66-4E52-BFBF-8116D4C5C942}.DebugOracleConnector|x86.Build.0 = Debug|Any CPU
		{25D296BC-EC66-4E52-BFBF-8116D4C5C942}.Release|Any CPU.ActiveCfg = Release|Any CPU
		{25D296BC-EC66-4E52-BFBF-8116D4C5C942}.Release|Any CPU.Build.0 = Release|Any CPU
		{25D296BC-EC66-4E52-BFBF-8116D4C5C942}.Release|x64.ActiveCfg = Release|Any CPU
		{25D296BC-EC66-4E52-BFBF-8116D4C5C942}.Release|x64.Build.0 = Release|Any CPU
		{25D296BC-EC66-4E52-BFBF-8116D4C5C942}.Release|x86.ActiveCfg = Release|Any CPU
		{25D296BC-EC66-4E52-BFBF-8116D4C5C942}.Release|x86.Build.0 = Release|Any CPU
		{25D296BC-EC66-4E52-BFBF-8116D4C5C942}.Test_Exchange_Service|Any CPU.ActiveCfg = Debug|Any CPU
		{25D296BC-EC66-4E52-BFBF-8116D4C5C942}.Test_Exchange_Service|Any CPU.Build.0 = Debug|Any CPU
		{25D296BC-EC66-4E52-BFBF-8116D4C5C942}.Test_Exchange_Service|x64.ActiveCfg = Debug|Any CPU
		{25D296BC-EC66-4E52-BFBF-8116D4C5C942}.Test_Exchange_Service|x64.Build.0 = Debug|Any CPU
		{25D296BC-EC66-4E52-BFBF-8116D4C5C942}.Test_Exchange_Service|x86.ActiveCfg = Debug|Any CPU
		{25D296BC-EC66-4E52-BFBF-8116D4C5C942}.Test_Exchange_Service|x86.Build.0 = Debug|Any CPU
		{79364318-6DCB-4444-90B9-FEE0A92323EE}.Debug_LearnCrm|Any CPU.ActiveCfg = Debug|Any CPU
		{79364318-6DCB-4444-90B9-FEE0A92323EE}.Debug_LearnCrm|Any CPU.Build.0 = Debug|Any CPU
		{79364318-6DCB-4444-90B9-FEE0A92323EE}.Debug_LearnCrm|x64.ActiveCfg = Debug|Any CPU
		{79364318-6DCB-4444-90B9-FEE0A92323EE}.Debug_LearnCrm|x64.Build.0 = Debug|Any CPU
		{79364318-6DCB-4444-90B9-FEE0A92323EE}.Debug_LearnCrm|x86.ActiveCfg = Debug|Any CPU
		{79364318-6DCB-4444-90B9-FEE0A92323EE}.Debug_LearnCrm|x86.Build.0 = Debug|Any CPU
		{79364318-6DCB-4444-90B9-FEE0A92323EE}.Debug|Any CPU.ActiveCfg = Debug|Any CPU
		{79364318-6DCB-4444-90B9-FEE0A92323EE}.Debug|Any CPU.Build.0 = Debug|Any CPU
		{79364318-6DCB-4444-90B9-FEE0A92323EE}.Debug|x64.ActiveCfg = Debug|Any CPU
		{79364318-6DCB-4444-90B9-FEE0A92323EE}.Debug|x64.Build.0 = Debug|Any CPU
		{79364318-6DCB-4444-90B9-FEE0A92323EE}.Debug|x86.ActiveCfg = Debug|Any CPU
		{79364318-6DCB-4444-90B9-FEE0A92323EE}.Debug|x86.Build.0 = Debug|Any CPU
		{79364318-6DCB-4444-90B9-FEE0A92323EE}.DebugOracleConnector|Any CPU.ActiveCfg = Debug|Any CPU
		{79364318-6DCB-4444-90B9-FEE0A92323EE}.DebugOracleConnector|Any CPU.Build.0 = Debug|Any CPU
		{79364318-6DCB-4444-90B9-FEE0A92323EE}.DebugOracleConnector|x64.ActiveCfg = Debug|Any CPU
		{79364318-6DCB-4444-90B9-FEE0A92323EE}.DebugOracleConnector|x64.Build.0 = Debug|Any CPU
		{79364318-6DCB-4444-90B9-FEE0A92323EE}.DebugOracleConnector|x86.ActiveCfg = Debug|Any CPU
		{79364318-6DCB-4444-90B9-FEE0A92323EE}.DebugOracleConnector|x86.Build.0 = Debug|Any CPU
		{79364318-6DCB-4444-90B9-FEE0A92323EE}.Release|Any CPU.ActiveCfg = Release|Any CPU
		{79364318-6DCB-4444-90B9-FEE0A92323EE}.Release|Any CPU.Build.0 = Release|Any CPU
		{79364318-6DCB-4444-90B9-FEE0A92323EE}.Release|x64.ActiveCfg = Release|Any CPU
		{79364318-6DCB-4444-90B9-FEE0A92323EE}.Release|x64.Build.0 = Release|Any CPU
		{79364318-6DCB-4444-90B9-FEE0A92323EE}.Release|x86.ActiveCfg = Release|Any CPU
		{79364318-6DCB-4444-90B9-FEE0A92323EE}.Release|x86.Build.0 = Release|Any CPU
		{79364318-6DCB-4444-90B9-FEE0A92323EE}.Test_Exchange_Service|Any CPU.ActiveCfg = Debug|Any CPU
		{79364318-6DCB-4444-90B9-FEE0A92323EE}.Test_Exchange_Service|Any CPU.Build.0 = Debug|Any CPU
		{79364318-6DCB-4444-90B9-FEE0A92323EE}.Test_Exchange_Service|x64.ActiveCfg = Debug|Any CPU
		{79364318-6DCB-4444-90B9-FEE0A92323EE}.Test_Exchange_Service|x64.Build.0 = Debug|Any CPU
		{79364318-6DCB-4444-90B9-FEE0A92323EE}.Test_Exchange_Service|x86.ActiveCfg = Debug|Any CPU
		{79364318-6DCB-4444-90B9-FEE0A92323EE}.Test_Exchange_Service|x86.Build.0 = Debug|Any CPU
		{76606214-DEDE-4FE0-816F-A2F4517D438D}.Debug_LearnCrm|Any CPU.ActiveCfg = Debug|Any CPU
		{76606214-DEDE-4FE0-816F-A2F4517D438D}.Debug_LearnCrm|Any CPU.Build.0 = Debug|Any CPU
		{76606214-DEDE-4FE0-816F-A2F4517D438D}.Debug_LearnCrm|x64.ActiveCfg = Debug|Any CPU
		{76606214-DEDE-4FE0-816F-A2F4517D438D}.Debug_LearnCrm|x64.Build.0 = Debug|Any CPU
		{76606214-DEDE-4FE0-816F-A2F4517D438D}.Debug_LearnCrm|x86.ActiveCfg = Debug|Any CPU
		{76606214-DEDE-4FE0-816F-A2F4517D438D}.Debug_LearnCrm|x86.Build.0 = Debug|Any CPU
		{76606214-DEDE-4FE0-816F-A2F4517D438D}.Debug|Any CPU.ActiveCfg = Debug|Any CPU
		{76606214-DEDE-4FE0-816F-A2F4517D438D}.Debug|Any CPU.Build.0 = Debug|Any CPU
		{76606214-DEDE-4FE0-816F-A2F4517D438D}.Debug|x64.ActiveCfg = Debug|Any CPU
		{76606214-DEDE-4FE0-816F-A2F4517D438D}.Debug|x64.Build.0 = Debug|Any CPU
		{76606214-DEDE-4FE0-816F-A2F4517D438D}.Debug|x86.ActiveCfg = Debug|Any CPU
		{76606214-DEDE-4FE0-816F-A2F4517D438D}.Debug|x86.Build.0 = Debug|Any CPU
		{76606214-DEDE-4FE0-816F-A2F4517D438D}.DebugOracleConnector|Any CPU.ActiveCfg = Debug|Any CPU
		{76606214-DEDE-4FE0-816F-A2F4517D438D}.DebugOracleConnector|Any CPU.Build.0 = Debug|Any CPU
		{76606214-DEDE-4FE0-816F-A2F4517D438D}.DebugOracleConnector|x64.ActiveCfg = Debug|Any CPU
		{76606214-DEDE-4FE0-816F-A2F4517D438D}.DebugOracleConnector|x64.Build.0 = Debug|Any CPU
		{76606214-DEDE-4FE0-816F-A2F4517D438D}.DebugOracleConnector|x86.ActiveCfg = Debug|Any CPU
		{76606214-DEDE-4FE0-816F-A2F4517D438D}.DebugOracleConnector|x86.Build.0 = Debug|Any CPU
		{76606214-DEDE-4FE0-816F-A2F4517D438D}.Release|Any CPU.ActiveCfg = Release|Any CPU
		{76606214-DEDE-4FE0-816F-A2F4517D438D}.Release|Any CPU.Build.0 = Release|Any CPU
		{76606214-DEDE-4FE0-816F-A2F4517D438D}.Release|x64.ActiveCfg = Release|Any CPU
		{76606214-DEDE-4FE0-816F-A2F4517D438D}.Release|x64.Build.0 = Release|Any CPU
		{76606214-DEDE-4FE0-816F-A2F4517D438D}.Release|x86.ActiveCfg = Release|Any CPU
		{76606214-DEDE-4FE0-816F-A2F4517D438D}.Release|x86.Build.0 = Release|Any CPU
		{76606214-DEDE-4FE0-816F-A2F4517D438D}.Test_Exchange_Service|Any CPU.ActiveCfg = Debug|Any CPU
		{76606214-DEDE-4FE0-816F-A2F4517D438D}.Test_Exchange_Service|Any CPU.Build.0 = Debug|Any CPU
		{76606214-DEDE-4FE0-816F-A2F4517D438D}.Test_Exchange_Service|x64.ActiveCfg = Debug|Any CPU
		{76606214-DEDE-4FE0-816F-A2F4517D438D}.Test_Exchange_Service|x64.Build.0 = Debug|Any CPU
		{76606214-DEDE-4FE0-816F-A2F4517D438D}.Test_Exchange_Service|x86.ActiveCfg = Debug|Any CPU
		{76606214-DEDE-4FE0-816F-A2F4517D438D}.Test_Exchange_Service|x86.Build.0 = Debug|Any CPU
		{844B2CBC-8F9C-4F35-8252-83365850E6E0}.Debug_LearnCrm|Any CPU.ActiveCfg = Debug|Any CPU
		{844B2CBC-8F9C-4F35-8252-83365850E6E0}.Debug_LearnCrm|Any CPU.Build.0 = Debug|Any CPU
		{844B2CBC-8F9C-4F35-8252-83365850E6E0}.Debug_LearnCrm|x64.ActiveCfg = Debug|Any CPU
		{844B2CBC-8F9C-4F35-8252-83365850E6E0}.Debug_LearnCrm|x64.Build.0 = Debug|Any CPU
		{844B2CBC-8F9C-4F35-8252-83365850E6E0}.Debug_LearnCrm|x86.ActiveCfg = Debug|Any CPU
		{844B2CBC-8F9C-4F35-8252-83365850E6E0}.Debug_LearnCrm|x86.Build.0 = Debug|Any CPU
		{844B2CBC-8F9C-4F35-8252-83365850E6E0}.Debug|Any CPU.ActiveCfg = Debug|Any CPU
		{844B2CBC-8F9C-4F35-8252-83365850E6E0}.Debug|Any CPU.Build.0 = Debug|Any CPU
		{844B2CBC-8F9C-4F35-8252-83365850E6E0}.Debug|x64.ActiveCfg = Debug|Any CPU
		{844B2CBC-8F9C-4F35-8252-83365850E6E0}.Debug|x64.Build.0 = Debug|Any CPU
		{844B2CBC-8F9C-4F35-8252-83365850E6E0}.Debug|x86.ActiveCfg = Debug|Any CPU
		{844B2CBC-8F9C-4F35-8252-83365850E6E0}.Debug|x86.Build.0 = Debug|Any CPU
		{844B2CBC-8F9C-4F35-8252-83365850E6E0}.DebugOracleConnector|Any CPU.ActiveCfg = Debug|Any CPU
		{844B2CBC-8F9C-4F35-8252-83365850E6E0}.DebugOracleConnector|Any CPU.Build.0 = Debug|Any CPU
		{844B2CBC-8F9C-4F35-8252-83365850E6E0}.DebugOracleConnector|x64.ActiveCfg = Debug|Any CPU
		{844B2CBC-8F9C-4F35-8252-83365850E6E0}.DebugOracleConnector|x64.Build.0 = Debug|Any CPU
		{844B2CBC-8F9C-4F35-8252-83365850E6E0}.DebugOracleConnector|x86.ActiveCfg = Debug|Any CPU
		{844B2CBC-8F9C-4F35-8252-83365850E6E0}.DebugOracleConnector|x86.Build.0 = Debug|Any CPU
		{844B2CBC-8F9C-4F35-8252-83365850E6E0}.Release|Any CPU.ActiveCfg = Release|Any CPU
		{844B2CBC-8F9C-4F35-8252-83365850E6E0}.Release|Any CPU.Build.0 = Release|Any CPU
		{844B2CBC-8F9C-4F35-8252-83365850E6E0}.Release|x64.ActiveCfg = Release|Any CPU
		{844B2CBC-8F9C-4F35-8252-83365850E6E0}.Release|x64.Build.0 = Release|Any CPU
		{844B2CBC-8F9C-4F35-8252-83365850E6E0}.Release|x86.ActiveCfg = Release|Any CPU
		{844B2CBC-8F9C-4F35-8252-83365850E6E0}.Release|x86.Build.0 = Release|Any CPU
		{844B2CBC-8F9C-4F35-8252-83365850E6E0}.Test_Exchange_Service|Any CPU.ActiveCfg = Debug|Any CPU
		{844B2CBC-8F9C-4F35-8252-83365850E6E0}.Test_Exchange_Service|Any CPU.Build.0 = Debug|Any CPU
		{844B2CBC-8F9C-4F35-8252-83365850E6E0}.Test_Exchange_Service|x64.ActiveCfg = Debug|Any CPU
		{844B2CBC-8F9C-4F35-8252-83365850E6E0}.Test_Exchange_Service|x64.Build.0 = Debug|Any CPU
		{844B2CBC-8F9C-4F35-8252-83365850E6E0}.Test_Exchange_Service|x86.ActiveCfg = Debug|Any CPU
		{844B2CBC-8F9C-4F35-8252-83365850E6E0}.Test_Exchange_Service|x86.Build.0 = Debug|Any CPU
		{CD1597A6-FE5E-4183-9CFD-F2ED83D42F99}.Debug_LearnCrm|Any CPU.ActiveCfg = Debug|Any CPU
		{CD1597A6-FE5E-4183-9CFD-F2ED83D42F99}.Debug_LearnCrm|Any CPU.Build.0 = Debug|Any CPU
		{CD1597A6-FE5E-4183-9CFD-F2ED83D42F99}.Debug_LearnCrm|x64.ActiveCfg = Debug|Any CPU
		{CD1597A6-FE5E-4183-9CFD-F2ED83D42F99}.Debug_LearnCrm|x64.Build.0 = Debug|Any CPU
		{CD1597A6-FE5E-4183-9CFD-F2ED83D42F99}.Debug_LearnCrm|x86.ActiveCfg = Debug|Any CPU
		{CD1597A6-FE5E-4183-9CFD-F2ED83D42F99}.Debug_LearnCrm|x86.Build.0 = Debug|Any CPU
		{CD1597A6-FE5E-4183-9CFD-F2ED83D42F99}.Debug|Any CPU.ActiveCfg = Debug|Any CPU
		{CD1597A6-FE5E-4183-9CFD-F2ED83D42F99}.Debug|Any CPU.Build.0 = Debug|Any CPU
		{CD1597A6-FE5E-4183-9CFD-F2ED83D42F99}.Debug|x64.ActiveCfg = Debug|Any CPU
		{CD1597A6-FE5E-4183-9CFD-F2ED83D42F99}.Debug|x64.Build.0 = Debug|Any CPU
		{CD1597A6-FE5E-4183-9CFD-F2ED83D42F99}.Debug|x86.ActiveCfg = Debug|Any CPU
		{CD1597A6-FE5E-4183-9CFD-F2ED83D42F99}.Debug|x86.Build.0 = Debug|Any CPU
		{CD1597A6-FE5E-4183-9CFD-F2ED83D42F99}.DebugOracleConnector|Any CPU.ActiveCfg = Debug|Any CPU
		{CD1597A6-FE5E-4183-9CFD-F2ED83D42F99}.DebugOracleConnector|Any CPU.Build.0 = Debug|Any CPU
		{CD1597A6-FE5E-4183-9CFD-F2ED83D42F99}.DebugOracleConnector|x64.ActiveCfg = Debug|Any CPU
		{CD1597A6-FE5E-4183-9CFD-F2ED83D42F99}.DebugOracleConnector|x64.Build.0 = Debug|Any CPU
		{CD1597A6-FE5E-4183-9CFD-F2ED83D42F99}.DebugOracleConnector|x86.ActiveCfg = Debug|Any CPU
		{CD1597A6-FE5E-4183-9CFD-F2ED83D42F99}.DebugOracleConnector|x86.Build.0 = Debug|Any CPU
		{CD1597A6-FE5E-4183-9CFD-F2ED83D42F99}.Release|Any CPU.ActiveCfg = Release|Any CPU
		{CD1597A6-FE5E-4183-9CFD-F2ED83D42F99}.Release|Any CPU.Build.0 = Release|Any CPU
		{CD1597A6-FE5E-4183-9CFD-F2ED83D42F99}.Release|x64.ActiveCfg = Release|Any CPU
		{CD1597A6-FE5E-4183-9CFD-F2ED83D42F99}.Release|x64.Build.0 = Release|Any CPU
		{CD1597A6-FE5E-4183-9CFD-F2ED83D42F99}.Release|x86.ActiveCfg = Release|Any CPU
		{CD1597A6-FE5E-4183-9CFD-F2ED83D42F99}.Release|x86.Build.0 = Release|Any CPU
		{CD1597A6-FE5E-4183-9CFD-F2ED83D42F99}.Test_Exchange_Service|Any CPU.ActiveCfg = Debug|Any CPU
		{CD1597A6-FE5E-4183-9CFD-F2ED83D42F99}.Test_Exchange_Service|Any CPU.Build.0 = Debug|Any CPU
		{CD1597A6-FE5E-4183-9CFD-F2ED83D42F99}.Test_Exchange_Service|x64.ActiveCfg = Debug|Any CPU
		{CD1597A6-FE5E-4183-9CFD-F2ED83D42F99}.Test_Exchange_Service|x64.Build.0 = Debug|Any CPU
		{CD1597A6-FE5E-4183-9CFD-F2ED83D42F99}.Test_Exchange_Service|x86.ActiveCfg = Debug|Any CPU
		{CD1597A6-FE5E-4183-9CFD-F2ED83D42F99}.Test_Exchange_Service|x86.Build.0 = Debug|Any CPU
		{A3885A18-2DFD-4D22-AC3E-CE9F84C18866}.Debug_LearnCrm|Any CPU.ActiveCfg = Debug|Any CPU
		{A3885A18-2DFD-4D22-AC3E-CE9F84C18866}.Debug_LearnCrm|Any CPU.Build.0 = Debug|Any CPU
		{A3885A18-2DFD-4D22-AC3E-CE9F84C18866}.Debug_LearnCrm|x64.ActiveCfg = Debug|Any CPU
		{A3885A18-2DFD-4D22-AC3E-CE9F84C18866}.Debug_LearnCrm|x64.Build.0 = Debug|Any CPU
		{A3885A18-2DFD-4D22-AC3E-CE9F84C18866}.Debug_LearnCrm|x86.ActiveCfg = Debug|Any CPU
		{A3885A18-2DFD-4D22-AC3E-CE9F84C18866}.Debug_LearnCrm|x86.Build.0 = Debug|Any CPU
		{A3885A18-2DFD-4D22-AC3E-CE9F84C18866}.Debug|Any CPU.ActiveCfg = Debug|Any CPU
		{A3885A18-2DFD-4D22-AC3E-CE9F84C18866}.Debug|Any CPU.Build.0 = Debug|Any CPU
		{A3885A18-2DFD-4D22-AC3E-CE9F84C18866}.Debug|x64.ActiveCfg = Debug|Any CPU
		{A3885A18-2DFD-4D22-AC3E-CE9F84C18866}.Debug|x64.Build.0 = Debug|Any CPU
		{A3885A18-2DFD-4D22-AC3E-CE9F84C18866}.Debug|x86.ActiveCfg = Debug|Any CPU
		{A3885A18-2DFD-4D22-AC3E-CE9F84C18866}.Debug|x86.Build.0 = Debug|Any CPU
		{A3885A18-2DFD-4D22-AC3E-CE9F84C18866}.DebugOracleConnector|Any CPU.ActiveCfg = Debug|Any CPU
		{A3885A18-2DFD-4D22-AC3E-CE9F84C18866}.DebugOracleConnector|Any CPU.Build.0 = Debug|Any CPU
		{A3885A18-2DFD-4D22-AC3E-CE9F84C18866}.DebugOracleConnector|x64.ActiveCfg = Debug|Any CPU
		{A3885A18-2DFD-4D22-AC3E-CE9F84C18866}.DebugOracleConnector|x64.Build.0 = Debug|Any CPU
		{A3885A18-2DFD-4D22-AC3E-CE9F84C18866}.DebugOracleConnector|x86.ActiveCfg = Debug|Any CPU
		{A3885A18-2DFD-4D22-AC3E-CE9F84C18866}.DebugOracleConnector|x86.Build.0 = Debug|Any CPU
		{A3885A18-2DFD-4D22-AC3E-CE9F84C18866}.Release|Any CPU.ActiveCfg = Release|Any CPU
		{A3885A18-2DFD-4D22-AC3E-CE9F84C18866}.Release|Any CPU.Build.0 = Release|Any CPU
		{A3885A18-2DFD-4D22-AC3E-CE9F84C18866}.Release|x64.ActiveCfg = Release|Any CPU
		{A3885A18-2DFD-4D22-AC3E-CE9F84C18866}.Release|x64.Build.0 = Release|Any CPU
		{A3885A18-2DFD-4D22-AC3E-CE9F84C18866}.Release|x86.ActiveCfg = Release|Any CPU
		{A3885A18-2DFD-4D22-AC3E-CE9F84C18866}.Release|x86.Build.0 = Release|Any CPU
		{A3885A18-2DFD-4D22-AC3E-CE9F84C18866}.Test_Exchange_Service|Any CPU.ActiveCfg = Debug|Any CPU
		{A3885A18-2DFD-4D22-AC3E-CE9F84C18866}.Test_Exchange_Service|Any CPU.Build.0 = Debug|Any CPU
		{A3885A18-2DFD-4D22-AC3E-CE9F84C18866}.Test_Exchange_Service|x64.ActiveCfg = Debug|Any CPU
		{A3885A18-2DFD-4D22-AC3E-CE9F84C18866}.Test_Exchange_Service|x64.Build.0 = Debug|Any CPU
		{A3885A18-2DFD-4D22-AC3E-CE9F84C18866}.Test_Exchange_Service|x86.ActiveCfg = Debug|Any CPU
		{A3885A18-2DFD-4D22-AC3E-CE9F84C18866}.Test_Exchange_Service|x86.Build.0 = Debug|Any CPU
		{35932231-EE88-4EB4-B0E0-E0ABE51EE07E}.Debug_LearnCrm|Any CPU.ActiveCfg = Debug|Any CPU
		{35932231-EE88-4EB4-B0E0-E0ABE51EE07E}.Debug_LearnCrm|Any CPU.Build.0 = Debug|Any CPU
		{35932231-EE88-4EB4-B0E0-E0ABE51EE07E}.Debug_LearnCrm|x64.ActiveCfg = Debug|Any CPU
		{35932231-EE88-4EB4-B0E0-E0ABE51EE07E}.Debug_LearnCrm|x64.Build.0 = Debug|Any CPU
		{35932231-EE88-4EB4-B0E0-E0ABE51EE07E}.Debug_LearnCrm|x86.ActiveCfg = Debug|Any CPU
		{35932231-EE88-4EB4-B0E0-E0ABE51EE07E}.Debug_LearnCrm|x86.Build.0 = Debug|Any CPU
		{35932231-EE88-4EB4-B0E0-E0ABE51EE07E}.Debug|Any CPU.ActiveCfg = Debug|Any CPU
		{35932231-EE88-4EB4-B0E0-E0ABE51EE07E}.Debug|Any CPU.Build.0 = Debug|Any CPU
		{35932231-EE88-4EB4-B0E0-E0ABE51EE07E}.Debug|x64.ActiveCfg = Debug|Any CPU
		{35932231-EE88-4EB4-B0E0-E0ABE51EE07E}.Debug|x64.Build.0 = Debug|Any CPU
		{35932231-EE88-4EB4-B0E0-E0ABE51EE07E}.Debug|x86.ActiveCfg = Debug|Any CPU
		{35932231-EE88-4EB4-B0E0-E0ABE51EE07E}.Debug|x86.Build.0 = Debug|Any CPU
		{35932231-EE88-4EB4-B0E0-E0ABE51EE07E}.DebugOracleConnector|Any CPU.ActiveCfg = Debug|Any CPU
		{35932231-EE88-4EB4-B0E0-E0ABE51EE07E}.DebugOracleConnector|Any CPU.Build.0 = Debug|Any CPU
		{35932231-EE88-4EB4-B0E0-E0ABE51EE07E}.DebugOracleConnector|x64.ActiveCfg = Debug|Any CPU
		{35932231-EE88-4EB4-B0E0-E0ABE51EE07E}.DebugOracleConnector|x64.Build.0 = Debug|Any CPU
		{35932231-EE88-4EB4-B0E0-E0ABE51EE07E}.DebugOracleConnector|x86.ActiveCfg = Debug|Any CPU
		{35932231-EE88-4EB4-B0E0-E0ABE51EE07E}.DebugOracleConnector|x86.Build.0 = Debug|Any CPU
		{35932231-EE88-4EB4-B0E0-E0ABE51EE07E}.Release|Any CPU.ActiveCfg = Release|Any CPU
		{35932231-EE88-4EB4-B0E0-E0ABE51EE07E}.Release|Any CPU.Build.0 = Release|Any CPU
		{35932231-EE88-4EB4-B0E0-E0ABE51EE07E}.Release|x64.ActiveCfg = Release|Any CPU
		{35932231-EE88-4EB4-B0E0-E0ABE51EE07E}.Release|x64.Build.0 = Release|Any CPU
		{35932231-EE88-4EB4-B0E0-E0ABE51EE07E}.Release|x86.ActiveCfg = Release|Any CPU
		{35932231-EE88-4EB4-B0E0-E0ABE51EE07E}.Release|x86.Build.0 = Release|Any CPU
		{35932231-EE88-4EB4-B0E0-E0ABE51EE07E}.Test_Exchange_Service|Any CPU.ActiveCfg = Debug|Any CPU
		{35932231-EE88-4EB4-B0E0-E0ABE51EE07E}.Test_Exchange_Service|Any CPU.Build.0 = Debug|Any CPU
		{35932231-EE88-4EB4-B0E0-E0ABE51EE07E}.Test_Exchange_Service|x64.ActiveCfg = Debug|Any CPU
		{35932231-EE88-4EB4-B0E0-E0ABE51EE07E}.Test_Exchange_Service|x64.Build.0 = Debug|Any CPU
		{35932231-EE88-4EB4-B0E0-E0ABE51EE07E}.Test_Exchange_Service|x86.ActiveCfg = Debug|Any CPU
		{35932231-EE88-4EB4-B0E0-E0ABE51EE07E}.Test_Exchange_Service|x86.Build.0 = Debug|Any CPU
		{EEC803D2-10E7-417A-A270-938DDDE1B7C1}.Debug_LearnCrm|Any CPU.ActiveCfg = Debug|Any CPU
		{EEC803D2-10E7-417A-A270-938DDDE1B7C1}.Debug_LearnCrm|Any CPU.Build.0 = Debug|Any CPU
		{EEC803D2-10E7-417A-A270-938DDDE1B7C1}.Debug_LearnCrm|x64.ActiveCfg = Debug|Any CPU
		{EEC803D2-10E7-417A-A270-938DDDE1B7C1}.Debug_LearnCrm|x64.Build.0 = Debug|Any CPU
		{EEC803D2-10E7-417A-A270-938DDDE1B7C1}.Debug_LearnCrm|x86.ActiveCfg = Debug|Any CPU
		{EEC803D2-10E7-417A-A270-938DDDE1B7C1}.Debug_LearnCrm|x86.Build.0 = Debug|Any CPU
		{EEC803D2-10E7-417A-A270-938DDDE1B7C1}.Debug|Any CPU.ActiveCfg = Debug|Any CPU
		{EEC803D2-10E7-417A-A270-938DDDE1B7C1}.Debug|Any CPU.Build.0 = Debug|Any CPU
		{EEC803D2-10E7-417A-A270-938DDDE1B7C1}.Debug|x64.ActiveCfg = Debug|Any CPU
		{EEC803D2-10E7-417A-A270-938DDDE1B7C1}.Debug|x64.Build.0 = Debug|Any CPU
		{EEC803D2-10E7-417A-A270-938DDDE1B7C1}.Debug|x86.ActiveCfg = Debug|Any CPU
		{EEC803D2-10E7-417A-A270-938DDDE1B7C1}.Debug|x86.Build.0 = Debug|Any CPU
		{EEC803D2-10E7-417A-A270-938DDDE1B7C1}.DebugOracleConnector|Any CPU.ActiveCfg = Debug|Any CPU
		{EEC803D2-10E7-417A-A270-938DDDE1B7C1}.DebugOracleConnector|Any CPU.Build.0 = Debug|Any CPU
		{EEC803D2-10E7-417A-A270-938DDDE1B7C1}.DebugOracleConnector|x64.ActiveCfg = Debug|Any CPU
		{EEC803D2-10E7-417A-A270-938DDDE1B7C1}.DebugOracleConnector|x64.Build.0 = Debug|Any CPU
		{EEC803D2-10E7-417A-A270-938DDDE1B7C1}.DebugOracleConnector|x86.ActiveCfg = Debug|Any CPU
		{EEC803D2-10E7-417A-A270-938DDDE1B7C1}.DebugOracleConnector|x86.Build.0 = Debug|Any CPU
		{EEC803D2-10E7-417A-A270-938DDDE1B7C1}.Release|Any CPU.ActiveCfg = Release|Any CPU
		{EEC803D2-10E7-417A-A270-938DDDE1B7C1}.Release|Any CPU.Build.0 = Release|Any CPU
		{EEC803D2-10E7-417A-A270-938DDDE1B7C1}.Release|x64.ActiveCfg = Release|Any CPU
		{EEC803D2-10E7-417A-A270-938DDDE1B7C1}.Release|x64.Build.0 = Release|Any CPU
		{EEC803D2-10E7-417A-A270-938DDDE1B7C1}.Release|x86.ActiveCfg = Release|Any CPU
		{EEC803D2-10E7-417A-A270-938DDDE1B7C1}.Release|x86.Build.0 = Release|Any CPU
		{EEC803D2-10E7-417A-A270-938DDDE1B7C1}.Test_Exchange_Service|Any CPU.ActiveCfg = Debug|Any CPU
		{EEC803D2-10E7-417A-A270-938DDDE1B7C1}.Test_Exchange_Service|Any CPU.Build.0 = Debug|Any CPU
		{EEC803D2-10E7-417A-A270-938DDDE1B7C1}.Test_Exchange_Service|x64.ActiveCfg = Debug|Any CPU
		{EEC803D2-10E7-417A-A270-938DDDE1B7C1}.Test_Exchange_Service|x64.Build.0 = Debug|Any CPU
		{EEC803D2-10E7-417A-A270-938DDDE1B7C1}.Test_Exchange_Service|x86.ActiveCfg = Debug|Any CPU
		{EEC803D2-10E7-417A-A270-938DDDE1B7C1}.Test_Exchange_Service|x86.Build.0 = Debug|Any CPU
		{94BABF1B-2E52-4014-A3EA-EC123E04348E}.Debug_LearnCrm|Any CPU.ActiveCfg = Debug|Any CPU
		{94BABF1B-2E52-4014-A3EA-EC123E04348E}.Debug_LearnCrm|Any CPU.Build.0 = Debug|Any CPU
		{94BABF1B-2E52-4014-A3EA-EC123E04348E}.Debug_LearnCrm|x64.ActiveCfg = Debug|Any CPU
		{94BABF1B-2E52-4014-A3EA-EC123E04348E}.Debug_LearnCrm|x64.Build.0 = Debug|Any CPU
		{94BABF1B-2E52-4014-A3EA-EC123E04348E}.Debug_LearnCrm|x86.ActiveCfg = Debug|Any CPU
		{94BABF1B-2E52-4014-A3EA-EC123E04348E}.Debug_LearnCrm|x86.Build.0 = Debug|Any CPU
		{94BABF1B-2E52-4014-A3EA-EC123E04348E}.Debug|Any CPU.ActiveCfg = Debug|Any CPU
		{94BABF1B-2E52-4014-A3EA-EC123E04348E}.Debug|Any CPU.Build.0 = Debug|Any CPU
		{94BABF1B-2E52-4014-A3EA-EC123E04348E}.Debug|x64.ActiveCfg = Debug|Any CPU
		{94BABF1B-2E52-4014-A3EA-EC123E04348E}.Debug|x64.Build.0 = Debug|Any CPU
		{94BABF1B-2E52-4014-A3EA-EC123E04348E}.Debug|x86.ActiveCfg = Debug|Any CPU
		{94BABF1B-2E52-4014-A3EA-EC123E04348E}.Debug|x86.Build.0 = Debug|Any CPU
		{94BABF1B-2E52-4014-A3EA-EC123E04348E}.DebugOracleConnector|Any CPU.ActiveCfg = Debug|Any CPU
		{94BABF1B-2E52-4014-A3EA-EC123E04348E}.DebugOracleConnector|Any CPU.Build.0 = Debug|Any CPU
		{94BABF1B-2E52-4014-A3EA-EC123E04348E}.DebugOracleConnector|x64.ActiveCfg = Debug|Any CPU
		{94BABF1B-2E52-4014-A3EA-EC123E04348E}.DebugOracleConnector|x64.Build.0 = Debug|Any CPU
		{94BABF1B-2E52-4014-A3EA-EC123E04348E}.DebugOracleConnector|x86.ActiveCfg = Debug|Any CPU
		{94BABF1B-2E52-4014-A3EA-EC123E04348E}.DebugOracleConnector|x86.Build.0 = Debug|Any CPU
		{94BABF1B-2E52-4014-A3EA-EC123E04348E}.Release|Any CPU.ActiveCfg = Release|Any CPU
		{94BABF1B-2E52-4014-A3EA-EC123E04348E}.Release|Any CPU.Build.0 = Release|Any CPU
		{94BABF1B-2E52-4014-A3EA-EC123E04348E}.Release|x64.ActiveCfg = Release|Any CPU
		{94BABF1B-2E52-4014-A3EA-EC123E04348E}.Release|x64.Build.0 = Release|Any CPU
		{94BABF1B-2E52-4014-A3EA-EC123E04348E}.Release|x86.ActiveCfg = Release|Any CPU
		{94BABF1B-2E52-4014-A3EA-EC123E04348E}.Release|x86.Build.0 = Release|Any CPU
		{94BABF1B-2E52-4014-A3EA-EC123E04348E}.Test_Exchange_Service|Any CPU.ActiveCfg = Debug|Any CPU
		{94BABF1B-2E52-4014-A3EA-EC123E04348E}.Test_Exchange_Service|Any CPU.Build.0 = Debug|Any CPU
		{94BABF1B-2E52-4014-A3EA-EC123E04348E}.Test_Exchange_Service|x64.ActiveCfg = Debug|Any CPU
		{94BABF1B-2E52-4014-A3EA-EC123E04348E}.Test_Exchange_Service|x64.Build.0 = Debug|Any CPU
		{94BABF1B-2E52-4014-A3EA-EC123E04348E}.Test_Exchange_Service|x86.ActiveCfg = Debug|Any CPU
		{94BABF1B-2E52-4014-A3EA-EC123E04348E}.Test_Exchange_Service|x86.Build.0 = Debug|Any CPU
		{2E0507A6-A062-447C-9841-7A79CAC2BCBA}.Debug_LearnCrm|Any CPU.ActiveCfg = Debug|Any CPU
		{2E0507A6-A062-447C-9841-7A79CAC2BCBA}.Debug_LearnCrm|Any CPU.Build.0 = Debug|Any CPU
		{2E0507A6-A062-447C-9841-7A79CAC2BCBA}.Debug_LearnCrm|x64.ActiveCfg = Debug|Any CPU
		{2E0507A6-A062-447C-9841-7A79CAC2BCBA}.Debug_LearnCrm|x64.Build.0 = Debug|Any CPU
		{2E0507A6-A062-447C-9841-7A79CAC2BCBA}.Debug_LearnCrm|x86.ActiveCfg = Debug|Any CPU
		{2E0507A6-A062-447C-9841-7A79CAC2BCBA}.Debug_LearnCrm|x86.Build.0 = Debug|Any CPU
		{2E0507A6-A062-447C-9841-7A79CAC2BCBA}.Debug|Any CPU.ActiveCfg = Debug|Any CPU
		{2E0507A6-A062-447C-9841-7A79CAC2BCBA}.Debug|Any CPU.Build.0 = Debug|Any CPU
		{2E0507A6-A062-447C-9841-7A79CAC2BCBA}.Debug|x64.ActiveCfg = Debug|Any CPU
		{2E0507A6-A062-447C-9841-7A79CAC2BCBA}.Debug|x64.Build.0 = Debug|Any CPU
		{2E0507A6-A062-447C-9841-7A79CAC2BCBA}.Debug|x86.ActiveCfg = Debug|Any CPU
		{2E0507A6-A062-447C-9841-7A79CAC2BCBA}.Debug|x86.Build.0 = Debug|Any CPU
		{2E0507A6-A062-447C-9841-7A79CAC2BCBA}.DebugOracleConnector|Any CPU.ActiveCfg = Debug|Any CPU
		{2E0507A6-A062-447C-9841-7A79CAC2BCBA}.DebugOracleConnector|Any CPU.Build.0 = Debug|Any CPU
		{2E0507A6-A062-447C-9841-7A79CAC2BCBA}.DebugOracleConnector|x64.ActiveCfg = Debug|Any CPU
		{2E0507A6-A062-447C-9841-7A79CAC2BCBA}.DebugOracleConnector|x64.Build.0 = Debug|Any CPU
		{2E0507A6-A062-447C-9841-7A79CAC2BCBA}.DebugOracleConnector|x86.ActiveCfg = Debug|Any CPU
		{2E0507A6-A062-447C-9841-7A79CAC2BCBA}.DebugOracleConnector|x86.Build.0 = Debug|Any CPU
		{2E0507A6-A062-447C-9841-7A79CAC2BCBA}.Release|Any CPU.ActiveCfg = Release|Any CPU
		{2E0507A6-A062-447C-9841-7A79CAC2BCBA}.Release|Any CPU.Build.0 = Release|Any CPU
		{2E0507A6-A062-447C-9841-7A79CAC2BCBA}.Release|x64.ActiveCfg = Release|Any CPU
		{2E0507A6-A062-447C-9841-7A79CAC2BCBA}.Release|x64.Build.0 = Release|Any CPU
		{2E0507A6-A062-447C-9841-7A79CAC2BCBA}.Release|x86.ActiveCfg = Release|Any CPU
		{2E0507A6-A062-447C-9841-7A79CAC2BCBA}.Release|x86.Build.0 = Release|Any CPU
		{2E0507A6-A062-447C-9841-7A79CAC2BCBA}.Test_Exchange_Service|Any CPU.ActiveCfg = Debug|Any CPU
		{2E0507A6-A062-447C-9841-7A79CAC2BCBA}.Test_Exchange_Service|Any CPU.Build.0 = Debug|Any CPU
		{2E0507A6-A062-447C-9841-7A79CAC2BCBA}.Test_Exchange_Service|x64.ActiveCfg = Debug|Any CPU
		{2E0507A6-A062-447C-9841-7A79CAC2BCBA}.Test_Exchange_Service|x64.Build.0 = Debug|Any CPU
		{2E0507A6-A062-447C-9841-7A79CAC2BCBA}.Test_Exchange_Service|x86.ActiveCfg = Debug|Any CPU
		{2E0507A6-A062-447C-9841-7A79CAC2BCBA}.Test_Exchange_Service|x86.Build.0 = Debug|Any CPU
		{0E63738E-14C2-4511-AE10-D1B114A3C9B6}.Debug_LearnCrm|Any CPU.ActiveCfg = Debug|Any CPU
		{0E63738E-14C2-4511-AE10-D1B114A3C9B6}.Debug_LearnCrm|Any CPU.Build.0 = Debug|Any CPU
		{0E63738E-14C2-4511-AE10-D1B114A3C9B6}.Debug_LearnCrm|x64.ActiveCfg = Debug|Any CPU
		{0E63738E-14C2-4511-AE10-D1B114A3C9B6}.Debug_LearnCrm|x64.Build.0 = Debug|Any CPU
		{0E63738E-14C2-4511-AE10-D1B114A3C9B6}.Debug_LearnCrm|x86.ActiveCfg = Debug|Any CPU
		{0E63738E-14C2-4511-AE10-D1B114A3C9B6}.Debug_LearnCrm|x86.Build.0 = Debug|Any CPU
		{0E63738E-14C2-4511-AE10-D1B114A3C9B6}.Debug|Any CPU.ActiveCfg = Debug|Any CPU
		{0E63738E-14C2-4511-AE10-D1B114A3C9B6}.Debug|Any CPU.Build.0 = Debug|Any CPU
		{0E63738E-14C2-4511-AE10-D1B114A3C9B6}.Debug|x64.ActiveCfg = Debug|Any CPU
		{0E63738E-14C2-4511-AE10-D1B114A3C9B6}.Debug|x64.Build.0 = Debug|Any CPU
		{0E63738E-14C2-4511-AE10-D1B114A3C9B6}.Debug|x86.ActiveCfg = Debug|Any CPU
		{0E63738E-14C2-4511-AE10-D1B114A3C9B6}.Debug|x86.Build.0 = Debug|Any CPU
		{0E63738E-14C2-4511-AE10-D1B114A3C9B6}.DebugOracleConnector|Any CPU.ActiveCfg = Debug|Any CPU
		{0E63738E-14C2-4511-AE10-D1B114A3C9B6}.DebugOracleConnector|Any CPU.Build.0 = Debug|Any CPU
		{0E63738E-14C2-4511-AE10-D1B114A3C9B6}.DebugOracleConnector|x64.ActiveCfg = Debug|Any CPU
		{0E63738E-14C2-4511-AE10-D1B114A3C9B6}.DebugOracleConnector|x64.Build.0 = Debug|Any CPU
		{0E63738E-14C2-4511-AE10-D1B114A3C9B6}.DebugOracleConnector|x86.ActiveCfg = Debug|Any CPU
		{0E63738E-14C2-4511-AE10-D1B114A3C9B6}.DebugOracleConnector|x86.Build.0 = Debug|Any CPU
		{0E63738E-14C2-4511-AE10-D1B114A3C9B6}.Release|Any CPU.ActiveCfg = Release|Any CPU
		{0E63738E-14C2-4511-AE10-D1B114A3C9B6}.Release|Any CPU.Build.0 = Release|Any CPU
		{0E63738E-14C2-4511-AE10-D1B114A3C9B6}.Release|x64.ActiveCfg = Release|Any CPU
		{0E63738E-14C2-4511-AE10-D1B114A3C9B6}.Release|x64.Build.0 = Release|Any CPU
		{0E63738E-14C2-4511-AE10-D1B114A3C9B6}.Release|x86.ActiveCfg = Release|Any CPU
		{0E63738E-14C2-4511-AE10-D1B114A3C9B6}.Release|x86.Build.0 = Release|Any CPU
		{0E63738E-14C2-4511-AE10-D1B114A3C9B6}.Test_Exchange_Service|Any CPU.ActiveCfg = Debug|Any CPU
		{0E63738E-14C2-4511-AE10-D1B114A3C9B6}.Test_Exchange_Service|Any CPU.Build.0 = Debug|Any CPU
		{0E63738E-14C2-4511-AE10-D1B114A3C9B6}.Test_Exchange_Service|x64.ActiveCfg = Debug|Any CPU
		{0E63738E-14C2-4511-AE10-D1B114A3C9B6}.Test_Exchange_Service|x64.Build.0 = Debug|Any CPU
		{0E63738E-14C2-4511-AE10-D1B114A3C9B6}.Test_Exchange_Service|x86.ActiveCfg = Debug|Any CPU
		{0E63738E-14C2-4511-AE10-D1B114A3C9B6}.Test_Exchange_Service|x86.Build.0 = Debug|Any CPU
		{17E471A6-6B5A-4543-9CEF-746A63A9D0BA}.Debug_LearnCrm|Any CPU.ActiveCfg = Debug|Any CPU
		{17E471A6-6B5A-4543-9CEF-746A63A9D0BA}.Debug_LearnCrm|Any CPU.Build.0 = Debug|Any CPU
		{17E471A6-6B5A-4543-9CEF-746A63A9D0BA}.Debug_LearnCrm|x64.ActiveCfg = Debug|Any CPU
		{17E471A6-6B5A-4543-9CEF-746A63A9D0BA}.Debug_LearnCrm|x64.Build.0 = Debug|Any CPU
		{17E471A6-6B5A-4543-9CEF-746A63A9D0BA}.Debug_LearnCrm|x86.ActiveCfg = Debug|Any CPU
		{17E471A6-6B5A-4543-9CEF-746A63A9D0BA}.Debug_LearnCrm|x86.Build.0 = Debug|Any CPU
		{17E471A6-6B5A-4543-9CEF-746A63A9D0BA}.Debug|Any CPU.ActiveCfg = Debug|Any CPU
		{17E471A6-6B5A-4543-9CEF-746A63A9D0BA}.Debug|Any CPU.Build.0 = Debug|Any CPU
		{17E471A6-6B5A-4543-9CEF-746A63A9D0BA}.Debug|x64.ActiveCfg = Debug|Any CPU
		{17E471A6-6B5A-4543-9CEF-746A63A9D0BA}.Debug|x64.Build.0 = Debug|Any CPU
		{17E471A6-6B5A-4543-9CEF-746A63A9D0BA}.Debug|x86.ActiveCfg = Debug|Any CPU
		{17E471A6-6B5A-4543-9CEF-746A63A9D0BA}.Debug|x86.Build.0 = Debug|Any CPU
		{17E471A6-6B5A-4543-9CEF-746A63A9D0BA}.DebugOracleConnector|Any CPU.ActiveCfg = Debug|Any CPU
		{17E471A6-6B5A-4543-9CEF-746A63A9D0BA}.DebugOracleConnector|Any CPU.Build.0 = Debug|Any CPU
		{17E471A6-6B5A-4543-9CEF-746A63A9D0BA}.DebugOracleConnector|x64.ActiveCfg = Debug|Any CPU
		{17E471A6-6B5A-4543-9CEF-746A63A9D0BA}.DebugOracleConnector|x64.Build.0 = Debug|Any CPU
		{17E471A6-6B5A-4543-9CEF-746A63A9D0BA}.DebugOracleConnector|x86.ActiveCfg = Debug|Any CPU
		{17E471A6-6B5A-4543-9CEF-746A63A9D0BA}.DebugOracleConnector|x86.Build.0 = Debug|Any CPU
		{17E471A6-6B5A-4543-9CEF-746A63A9D0BA}.Release|Any CPU.ActiveCfg = Release|Any CPU
		{17E471A6-6B5A-4543-9CEF-746A63A9D0BA}.Release|Any CPU.Build.0 = Release|Any CPU
		{17E471A6-6B5A-4543-9CEF-746A63A9D0BA}.Release|x64.ActiveCfg = Release|Any CPU
		{17E471A6-6B5A-4543-9CEF-746A63A9D0BA}.Release|x64.Build.0 = Release|Any CPU
		{17E471A6-6B5A-4543-9CEF-746A63A9D0BA}.Release|x86.ActiveCfg = Release|Any CPU
		{17E471A6-6B5A-4543-9CEF-746A63A9D0BA}.Release|x86.Build.0 = Release|Any CPU
		{17E471A6-6B5A-4543-9CEF-746A63A9D0BA}.Test_Exchange_Service|Any CPU.ActiveCfg = Debug|Any CPU
		{17E471A6-6B5A-4543-9CEF-746A63A9D0BA}.Test_Exchange_Service|Any CPU.Build.0 = Debug|Any CPU
		{17E471A6-6B5A-4543-9CEF-746A63A9D0BA}.Test_Exchange_Service|x64.ActiveCfg = Debug|Any CPU
		{17E471A6-6B5A-4543-9CEF-746A63A9D0BA}.Test_Exchange_Service|x64.Build.0 = Debug|Any CPU
		{17E471A6-6B5A-4543-9CEF-746A63A9D0BA}.Test_Exchange_Service|x86.ActiveCfg = Debug|Any CPU
		{17E471A6-6B5A-4543-9CEF-746A63A9D0BA}.Test_Exchange_Service|x86.Build.0 = Debug|Any CPU
		{2F17EA82-5E48-44B8-ADDB-75520E43DE70}.Debug_LearnCrm|Any CPU.ActiveCfg = Debug|Any CPU
		{2F17EA82-5E48-44B8-ADDB-75520E43DE70}.Debug_LearnCrm|Any CPU.Build.0 = Debug|Any CPU
		{2F17EA82-5E48-44B8-ADDB-75520E43DE70}.Debug_LearnCrm|x64.ActiveCfg = Debug|Any CPU
		{2F17EA82-5E48-44B8-ADDB-75520E43DE70}.Debug_LearnCrm|x64.Build.0 = Debug|Any CPU
		{2F17EA82-5E48-44B8-ADDB-75520E43DE70}.Debug_LearnCrm|x86.ActiveCfg = Debug|Any CPU
		{2F17EA82-5E48-44B8-ADDB-75520E43DE70}.Debug_LearnCrm|x86.Build.0 = Debug|Any CPU
		{2F17EA82-5E48-44B8-ADDB-75520E43DE70}.Debug|Any CPU.ActiveCfg = Debug|Any CPU
		{2F17EA82-5E48-44B8-ADDB-75520E43DE70}.Debug|Any CPU.Build.0 = Debug|Any CPU
		{2F17EA82-5E48-44B8-ADDB-75520E43DE70}.Debug|x64.ActiveCfg = Debug|Any CPU
		{2F17EA82-5E48-44B8-ADDB-75520E43DE70}.Debug|x64.Build.0 = Debug|Any CPU
		{2F17EA82-5E48-44B8-ADDB-75520E43DE70}.Debug|x86.ActiveCfg = Debug|Any CPU
		{2F17EA82-5E48-44B8-ADDB-75520E43DE70}.Debug|x86.Build.0 = Debug|Any CPU
		{2F17EA82-5E48-44B8-ADDB-75520E43DE70}.DebugOracleConnector|Any CPU.ActiveCfg = Debug|Any CPU
		{2F17EA82-5E48-44B8-ADDB-75520E43DE70}.DebugOracleConnector|Any CPU.Build.0 = Debug|Any CPU
		{2F17EA82-5E48-44B8-ADDB-75520E43DE70}.DebugOracleConnector|x64.ActiveCfg = Debug|Any CPU
		{2F17EA82-5E48-44B8-ADDB-75520E43DE70}.DebugOracleConnector|x64.Build.0 = Debug|Any CPU
		{2F17EA82-5E48-44B8-ADDB-75520E43DE70}.DebugOracleConnector|x86.ActiveCfg = Debug|Any CPU
		{2F17EA82-5E48-44B8-ADDB-75520E43DE70}.DebugOracleConnector|x86.Build.0 = Debug|Any CPU
		{2F17EA82-5E48-44B8-ADDB-75520E43DE70}.Release|Any CPU.ActiveCfg = Release|Any CPU
		{2F17EA82-5E48-44B8-ADDB-75520E43DE70}.Release|Any CPU.Build.0 = Release|Any CPU
		{2F17EA82-5E48-44B8-ADDB-75520E43DE70}.Release|x64.ActiveCfg = Release|Any CPU
		{2F17EA82-5E48-44B8-ADDB-75520E43DE70}.Release|x64.Build.0 = Release|Any CPU
		{2F17EA82-5E48-44B8-ADDB-75520E43DE70}.Release|x86.ActiveCfg = Release|Any CPU
		{2F17EA82-5E48-44B8-ADDB-75520E43DE70}.Release|x86.Build.0 = Release|Any CPU
		{2F17EA82-5E48-44B8-ADDB-75520E43DE70}.Test_Exchange_Service|Any CPU.ActiveCfg = Debug|Any CPU
		{2F17EA82-5E48-44B8-ADDB-75520E43DE70}.Test_Exchange_Service|Any CPU.Build.0 = Debug|Any CPU
		{2F17EA82-5E48-44B8-ADDB-75520E43DE70}.Test_Exchange_Service|x64.ActiveCfg = Debug|Any CPU
		{2F17EA82-5E48-44B8-ADDB-75520E43DE70}.Test_Exchange_Service|x64.Build.0 = Debug|Any CPU
		{2F17EA82-5E48-44B8-ADDB-75520E43DE70}.Test_Exchange_Service|x86.ActiveCfg = Debug|Any CPU
		{2F17EA82-5E48-44B8-ADDB-75520E43DE70}.Test_Exchange_Service|x86.Build.0 = Debug|Any CPU
	EndGlobalSection
	GlobalSection(SolutionProperties) = preSolution
		HideSolutionNode = FALSE
	EndGlobalSection
	GlobalSection(ExtensibilityGlobals) = postSolution
		SolutionGuid = {63751831-F5C0-4A65-93CB-5592C35D1EC8}
	EndGlobalSection
EndGlobal
